// !$*UTF8*$!
{
	archiveVersion = 1;
	classes = {
	};
	objectVersion = 50;
	objects = {

/* Begin PBXBuildFile section */
		2604D923218AFF4000787678 /* CoreDataStack.swift in Sources */ = {isa = PBXBuildFile; fileRef = 2604D922218AFF4000787678 /* CoreDataStack.swift */; };
		2604D926218AFFDC00787678 /* ModelForCoreData.xcdatamodeld in Sources */ = {isa = PBXBuildFile; fileRef = 2604D924218AFFDC00787678 /* ModelForCoreData.xcdatamodeld */; };
		2604D92A218B152400787678 /* AppUser.swift in Sources */ = {isa = PBXBuildFile; fileRef = 2604D929218B152400787678 /* AppUser.swift */; };
		2604D92C218B177F00787678 /* User.swift in Sources */ = {isa = PBXBuildFile; fileRef = 2604D92B218B177F00787678 /* User.swift */; };
		2604D92E218B1A4800787678 /* StorageManager.swift in Sources */ = {isa = PBXBuildFile; fileRef = 2604D92D218B1A4800787678 /* StorageManager.swift */; };
		263635282181B180000E3629 /* CommunicatorProtocol.swift in Sources */ = {isa = PBXBuildFile; fileRef = 263635272181B180000E3629 /* CommunicatorProtocol.swift */; };
		2636352A2181B38A000E3629 /* GenerateMessageID.swift in Sources */ = {isa = PBXBuildFile; fileRef = 263635292181B38A000E3629 /* GenerateMessageID.swift */; };
		2636352C2181B497000E3629 /* PeerToPeerCommunicator.swift in Sources */ = {isa = PBXBuildFile; fileRef = 2636352B2181B497000E3629 /* PeerToPeerCommunicator.swift */; };
		2636352E21820FE3000E3629 /* CommunicationManager.swift in Sources */ = {isa = PBXBuildFile; fileRef = 2636352D21820FE3000E3629 /* CommunicationManager.swift */; };
		26363530218211C4000E3629 /* CommunicationManagerDelegate.swift in Sources */ = {isa = PBXBuildFile; fileRef = 2636352F218211C4000E3629 /* CommunicationManagerDelegate.swift */; };
		265114C82170B52400938317 /* ThemesPickerViewControllerSwift.swift in Sources */ = {isa = PBXBuildFile; fileRef = 265114C72170B52400938317 /* ThemesPickerViewControllerSwift.swift */; };
		26695F7E216F37F500255C85 /* ThemesViewController.m in Sources */ = {isa = PBXBuildFile; fileRef = 26695F7D216F37F500255C85 /* ThemesViewController.m */; };
		26695F90216F530C00255C85 /* Themes.m in Sources */ = {isa = PBXBuildFile; fileRef = 26695F8F216F530C00255C85 /* Themes.m */; };
		26695F93216F83EE00255C85 /* UserDefaultsExtension.swift in Sources */ = {isa = PBXBuildFile; fileRef = 26695F92216F83EE00255C85 /* UserDefaultsExtension.swift */; };
		26698454215D133200B32A24 /* ProfileViewController.swift in Sources */ = {isa = PBXBuildFile; fileRef = 26698453215D133100B32A24 /* ProfileViewController.swift */; };
		266997852168FF5000FC0F6D /* Conversation.swift in Sources */ = {isa = PBXBuildFile; fileRef = 266997842168FF5000FC0F6D /* Conversation.swift */; };
		266997872168FF7300FC0F6D /* Message.swift in Sources */ = {isa = PBXBuildFile; fileRef = 266997862168FF7300FC0F6D /* Message.swift */; };
		266A35322165EE1400028668 /* ConversationsListViewController.swift in Sources */ = {isa = PBXBuildFile; fileRef = 266A35312165EE1400028668 /* ConversationsListViewController.swift */; };
		266A35342165F34600028668 /* ConversationTableViewCell.swift in Sources */ = {isa = PBXBuildFile; fileRef = 266A35332165F34600028668 /* ConversationTableViewCell.swift */; };
		266A35382166242F00028668 /* MessageCellConfiguration.swift in Sources */ = {isa = PBXBuildFile; fileRef = 266A35372166242F00028668 /* MessageCellConfiguration.swift */; };
		266A353B2166289500028668 /* ConversationCellConfiguration.swift in Sources */ = {isa = PBXBuildFile; fileRef = 266A353A2166289500028668 /* ConversationCellConfiguration.swift */; };
		266A354D2166741B00028668 /* ChatTableViewCell.swift in Sources */ = {isa = PBXBuildFile; fileRef = 266A354C2166741B00028668 /* ChatTableViewCell.swift */; };
		266A35692167E99700028668 /* ConversationViewController.swift in Sources */ = {isa = PBXBuildFile; fileRef = 266A35682167E99700028668 /* ConversationViewController.swift */; };
		268EBEE02178CA94006DD494 /* OperationClass.swift in Sources */ = {isa = PBXBuildFile; fileRef = 268EBEDF2178CA94006DD494 /* OperationClass.swift */; };
		268EBEE22178CAA0006DD494 /* GCDClass.swift in Sources */ = {isa = PBXBuildFile; fileRef = 268EBEE12178CAA0006DD494 /* GCDClass.swift */; };
		268EBEE62178F0CD006DD494 /* SavingDataProtocol.swift in Sources */ = {isa = PBXBuildFile; fileRef = 268EBEE52178F0CD006DD494 /* SavingDataProtocol.swift */; };
		26A28BD3217CD18900C2824B /* StringExtension.swift in Sources */ = {isa = PBXBuildFile; fileRef = 26A28BD2217CD18900C2824B /* StringExtension.swift */; };
		26BAE5A7215D183000B3FA71 /* Profile.storyboard in Resources */ = {isa = PBXBuildFile; fileRef = 26BAE5A6215D183000B3FA71 /* Profile.storyboard */; };
		26C4B94D2155657000B3622B /* LoggingHelper.swift in Sources */ = {isa = PBXBuildFile; fileRef = 26C4B94C2155657000B3622B /* LoggingHelper.swift */; };
		26F51F5921554ECA002D5EB4 /* AppDelegate.swift in Sources */ = {isa = PBXBuildFile; fileRef = 26F51F5821554ECA002D5EB4 /* AppDelegate.swift */; };
		26F51F5B21554ECA002D5EB4 /* ViewController.swift in Sources */ = {isa = PBXBuildFile; fileRef = 26F51F5A21554ECA002D5EB4 /* ViewController.swift */; };
		26F51F5E21554ECA002D5EB4 /* Main.storyboard in Resources */ = {isa = PBXBuildFile; fileRef = 26F51F5C21554ECA002D5EB4 /* Main.storyboard */; };
		26F51F6021554ECC002D5EB4 /* Assets.xcassets in Resources */ = {isa = PBXBuildFile; fileRef = 26F51F5F21554ECC002D5EB4 /* Assets.xcassets */; };
		26F51F6321554ECC002D5EB4 /* LaunchScreen.storyboard in Resources */ = {isa = PBXBuildFile; fileRef = 26F51F6121554ECC002D5EB4 /* LaunchScreen.storyboard */; };
/* End PBXBuildFile section */

/* Begin PBXFileReference section */
		2604D922218AFF4000787678 /* CoreDataStack.swift */ = {isa = PBXFileReference; lastKnownFileType = sourcecode.swift; path = CoreDataStack.swift; sourceTree = "<group>"; };
		2604D925218AFFDC00787678 /* ModelForCoreData.xcdatamodel */ = {isa = PBXFileReference; lastKnownFileType = wrapper.xcdatamodel; path = ModelForCoreData.xcdatamodel; sourceTree = "<group>"; };
		2604D929218B152400787678 /* AppUser.swift */ = {isa = PBXFileReference; lastKnownFileType = sourcecode.swift; path = AppUser.swift; sourceTree = "<group>"; };
		2604D92B218B177F00787678 /* User.swift */ = {isa = PBXFileReference; lastKnownFileType = sourcecode.swift; path = User.swift; sourceTree = "<group>"; };
		2604D92D218B1A4800787678 /* StorageManager.swift */ = {isa = PBXFileReference; lastKnownFileType = sourcecode.swift; path = StorageManager.swift; sourceTree = "<group>"; };
		263635272181B180000E3629 /* CommunicatorProtocol.swift */ = {isa = PBXFileReference; lastKnownFileType = sourcecode.swift; path = CommunicatorProtocol.swift; sourceTree = "<group>"; };
		263635292181B38A000E3629 /* GenerateMessageID.swift */ = {isa = PBXFileReference; lastKnownFileType = sourcecode.swift; path = GenerateMessageID.swift; sourceTree = "<group>"; };
		2636352B2181B497000E3629 /* PeerToPeerCommunicator.swift */ = {isa = PBXFileReference; lastKnownFileType = sourcecode.swift; path = PeerToPeerCommunicator.swift; sourceTree = "<group>"; };
		2636352D21820FE3000E3629 /* CommunicationManager.swift */ = {isa = PBXFileReference; lastKnownFileType = sourcecode.swift; path = CommunicationManager.swift; sourceTree = "<group>"; };
		2636352F218211C4000E3629 /* CommunicationManagerDelegate.swift */ = {isa = PBXFileReference; lastKnownFileType = sourcecode.swift; path = CommunicationManagerDelegate.swift; sourceTree = "<group>"; };
		265114C72170B52400938317 /* ThemesPickerViewControllerSwift.swift */ = {isa = PBXFileReference; lastKnownFileType = sourcecode.swift; path = ThemesPickerViewControllerSwift.swift; sourceTree = "<group>"; };
		26695F7B216F37F500255C85 /* Higher Chat of Fintech-Bridging-Header.h */ = {isa = PBXFileReference; lastKnownFileType = sourcecode.c.h; path = "Higher Chat of Fintech-Bridging-Header.h"; sourceTree = "<group>"; };
		26695F7C216F37F500255C85 /* ThemesViewController.h */ = {isa = PBXFileReference; lastKnownFileType = sourcecode.c.h; path = ThemesViewController.h; sourceTree = "<group>"; };
		26695F7D216F37F500255C85 /* ThemesViewController.m */ = {isa = PBXFileReference; lastKnownFileType = sourcecode.c.objc; path = ThemesViewController.m; sourceTree = "<group>"; };
		26695F8E216F530C00255C85 /* Themes.h */ = {isa = PBXFileReference; lastKnownFileType = sourcecode.c.h; path = Themes.h; sourceTree = "<group>"; };
		26695F8F216F530C00255C85 /* Themes.m */ = {isa = PBXFileReference; lastKnownFileType = sourcecode.c.objc; path = Themes.m; sourceTree = "<group>"; };
		26695F92216F83EE00255C85 /* UserDefaultsExtension.swift */ = {isa = PBXFileReference; lastKnownFileType = sourcecode.swift; path = UserDefaultsExtension.swift; sourceTree = "<group>"; };
		26698453215D133100B32A24 /* ProfileViewController.swift */ = {isa = PBXFileReference; lastKnownFileType = sourcecode.swift; path = ProfileViewController.swift; sourceTree = "<group>"; };
		266997842168FF5000FC0F6D /* Conversation.swift */ = {isa = PBXFileReference; lastKnownFileType = sourcecode.swift; path = Conversation.swift; sourceTree = "<group>"; };
		266997862168FF7300FC0F6D /* Message.swift */ = {isa = PBXFileReference; lastKnownFileType = sourcecode.swift; path = Message.swift; sourceTree = "<group>"; };
		266A35312165EE1400028668 /* ConversationsListViewController.swift */ = {isa = PBXFileReference; lastKnownFileType = sourcecode.swift; path = ConversationsListViewController.swift; sourceTree = "<group>"; };
		266A35332165F34600028668 /* ConversationTableViewCell.swift */ = {isa = PBXFileReference; lastKnownFileType = sourcecode.swift; path = ConversationTableViewCell.swift; sourceTree = "<group>"; };
		266A35372166242F00028668 /* MessageCellConfiguration.swift */ = {isa = PBXFileReference; lastKnownFileType = sourcecode.swift; path = MessageCellConfiguration.swift; sourceTree = "<group>"; };
		266A353A2166289500028668 /* ConversationCellConfiguration.swift */ = {isa = PBXFileReference; lastKnownFileType = sourcecode.swift; path = ConversationCellConfiguration.swift; sourceTree = "<group>"; };
		266A354C2166741B00028668 /* ChatTableViewCell.swift */ = {isa = PBXFileReference; lastKnownFileType = sourcecode.swift; path = ChatTableViewCell.swift; sourceTree = "<group>"; };
		266A35682167E99700028668 /* ConversationViewController.swift */ = {isa = PBXFileReference; lastKnownFileType = sourcecode.swift; path = ConversationViewController.swift; sourceTree = "<group>"; };
		268EBEDF2178CA94006DD494 /* OperationClass.swift */ = {isa = PBXFileReference; lastKnownFileType = sourcecode.swift; path = OperationClass.swift; sourceTree = "<group>"; };
		268EBEE12178CAA0006DD494 /* GCDClass.swift */ = {isa = PBXFileReference; lastKnownFileType = sourcecode.swift; path = GCDClass.swift; sourceTree = "<group>"; };
		268EBEE52178F0CD006DD494 /* SavingDataProtocol.swift */ = {isa = PBXFileReference; lastKnownFileType = sourcecode.swift; path = SavingDataProtocol.swift; sourceTree = "<group>"; };
		26A28BD2217CD18900C2824B /* StringExtension.swift */ = {isa = PBXFileReference; lastKnownFileType = sourcecode.swift; path = StringExtension.swift; sourceTree = "<group>"; };
		26BAE5A6215D183000B3FA71 /* Profile.storyboard */ = {isa = PBXFileReference; lastKnownFileType = file.storyboard; path = Profile.storyboard; sourceTree = "<group>"; };
		26BFBC022194675000DBB738 /* ModelForCoreData v2.xcdatamodel */ = {isa = PBXFileReference; lastKnownFileType = wrapper.xcdatamodel; path = "ModelForCoreData v2.xcdatamodel"; sourceTree = "<group>"; };
		26C4B94C2155657000B3622B /* LoggingHelper.swift */ = {isa = PBXFileReference; lastKnownFileType = sourcecode.swift; path = LoggingHelper.swift; sourceTree = "<group>"; };
		26F51F5521554ECA002D5EB4 /* Higher Chat of Fintech.app */ = {isa = PBXFileReference; explicitFileType = wrapper.application; includeInIndex = 0; path = "Higher Chat of Fintech.app"; sourceTree = BUILT_PRODUCTS_DIR; };
		26F51F5821554ECA002D5EB4 /* AppDelegate.swift */ = {isa = PBXFileReference; lastKnownFileType = sourcecode.swift; path = AppDelegate.swift; sourceTree = "<group>"; };
		26F51F5A21554ECA002D5EB4 /* ViewController.swift */ = {isa = PBXFileReference; lastKnownFileType = sourcecode.swift; path = ViewController.swift; sourceTree = "<group>"; };
		26F51F5D21554ECA002D5EB4 /* Base */ = {isa = PBXFileReference; lastKnownFileType = file.storyboard; name = Base; path = Base.lproj/Main.storyboard; sourceTree = "<group>"; };
		26F51F5F21554ECC002D5EB4 /* Assets.xcassets */ = {isa = PBXFileReference; lastKnownFileType = folder.assetcatalog; path = Assets.xcassets; sourceTree = "<group>"; };
		26F51F6221554ECC002D5EB4 /* Base */ = {isa = PBXFileReference; lastKnownFileType = file.storyboard; name = Base; path = Base.lproj/LaunchScreen.storyboard; sourceTree = "<group>"; };
		26F51F6421554ECC002D5EB4 /* Info.plist */ = {isa = PBXFileReference; lastKnownFileType = text.plist.xml; path = Info.plist; sourceTree = "<group>"; };
		94F7FC16A644C737791076AF /* Pods-Higher Chat of Fintech.release.xcconfig */ = {isa = PBXFileReference; includeInIndex = 1; lastKnownFileType = text.xcconfig; name = "Pods-Higher Chat of Fintech.release.xcconfig"; path = "Pods/Target Support Files/Pods-Higher Chat of Fintech/Pods-Higher Chat of Fintech.release.xcconfig"; sourceTree = "<group>"; };
		EE8E66B6F036E804B719B2A5 /* Pods-Higher Chat of Fintech.debug.xcconfig */ = {isa = PBXFileReference; includeInIndex = 1; lastKnownFileType = text.xcconfig; name = "Pods-Higher Chat of Fintech.debug.xcconfig"; path = "Pods/Target Support Files/Pods-Higher Chat of Fintech/Pods-Higher Chat of Fintech.debug.xcconfig"; sourceTree = "<group>"; };
/* End PBXFileReference section */

/* Begin PBXFrameworksBuildPhase section */
		26F51F5221554ECA002D5EB4 /* Frameworks */ = {
			isa = PBXFrameworksBuildPhase;
			buildActionMask = 2147483647;
			files = (
			);
			runOnlyForDeploymentPostprocessing = 0;
		};
/* End PBXFrameworksBuildPhase section */

/* Begin PBXGroup section */
		2604D927218AFFFF00787678 /* Models */ = {
			isa = PBXGroup;
			children = (
				2604D924218AFFDC00787678 /* ModelForCoreData.xcdatamodeld */,
			);
			path = Models;
			sourceTree = "<group>";
		};
		2604D928218B002200787678 /* Entities For User Extensions */ = {
			isa = PBXGroup;
			children = (
				2604D929218B152400787678 /* AppUser.swift */,
				2604D92B218B177F00787678 /* User.swift */,
			);
			path = "Entities For User Extensions";
			sourceTree = "<group>";
		};
		263635262181B134000E3629 /* Multipeer Communicator */ = {
			isa = PBXGroup;
			children = (
				2636353121827122000E3629 /* Protocols */,
				2636352B2181B497000E3629 /* PeerToPeerCommunicator.swift */,
				2636352D21820FE3000E3629 /* CommunicationManager.swift */,
			);
			path = "Multipeer Communicator";
			sourceTree = "<group>";
		};
		2636353121827122000E3629 /* Protocols */ = {
			isa = PBXGroup;
			children = (
				263635272181B180000E3629 /* CommunicatorProtocol.swift */,
				2636352F218211C4000E3629 /* CommunicationManagerDelegate.swift */,
			);
			path = Protocols;
			sourceTree = "<group>";
		};
		26695F7A216F375C00255C85 /* Theme Picker */ = {
			isa = PBXGroup;
			children = (
				26695F7C216F37F500255C85 /* ThemesViewController.h */,
				26695F7D216F37F500255C85 /* ThemesViewController.m */,
				26695F7B216F37F500255C85 /* Higher Chat of Fintech-Bridging-Header.h */,
				265114C72170B52400938317 /* ThemesPickerViewControllerSwift.swift */,
			);
			path = "Theme Picker";
			sourceTree = "<group>";
		};
		26695F80216F43DE00255C85 /* Classes For Themes */ = {
			isa = PBXGroup;
			children = (
				26695F8E216F530C00255C85 /* Themes.h */,
				26695F8F216F530C00255C85 /* Themes.m */,
			);
			path = "Classes For Themes";
			sourceTree = "<group>";
		};
		26695F91216F83C900255C85 /* Extensions */ = {
			isa = PBXGroup;
			children = (
				26695F92216F83EE00255C85 /* UserDefaultsExtension.swift */,
				26A28BD2217CD18900C2824B /* StringExtension.swift */,
			);
			path = Extensions;
			sourceTree = "<group>";
		};
		266997832168FF3200FC0F6D /* Entities For Dialog Extensions */ = {
			isa = PBXGroup;
			children = (
				266997842168FF5000FC0F6D /* Conversation.swift */,
				266997862168FF7300FC0F6D /* Message.swift */,
			);
			path = "Entities For Dialog Extensions";
			sourceTree = "<group>";
		};
		266A35392166243A00028668 /* Protocols */ = {
			isa = PBXGroup;
			children = (
				266A35372166242F00028668 /* MessageCellConfiguration.swift */,
				266A353A2166289500028668 /* ConversationCellConfiguration.swift */,
				268EBEE52178F0CD006DD494 /* SavingDataProtocol.swift */,
			);
			path = Protocols;
			sourceTree = "<group>";
		};
		266A35612167D92600028668 /* ConversationsList */ = {
			isa = PBXGroup;
			children = (
				266A35312165EE1400028668 /* ConversationsListViewController.swift */,
				266A35332165F34600028668 /* ConversationTableViewCell.swift */,
			);
			path = ConversationsList;
			sourceTree = "<group>";
		};
		266A35632167D94900028668 /* Chat */ = {
			isa = PBXGroup;
			children = (
				266A354C2166741B00028668 /* ChatTableViewCell.swift */,
				266A35682167E99700028668 /* ConversationViewController.swift */,
			);
			path = Chat;
			sourceTree = "<group>";
		};
		266A35642167D96E00028668 /* Profile */ = {
			isa = PBXGroup;
			children = (
				26698453215D133100B32A24 /* ProfileViewController.swift */,
			);
			path = Profile;
			sourceTree = "<group>";
		};
		266A35652167D97F00028668 /* AppDelegate */ = {
			isa = PBXGroup;
			children = (
				26F51F5821554ECA002D5EB4 /* AppDelegate.swift */,
			);
			path = AppDelegate;
			sourceTree = "<group>";
		};
		268EBEDE2178CA6D006DD494 /* Classes to Save Data */ = {
			isa = PBXGroup;
			children = (
				268EBEDF2178CA94006DD494 /* OperationClass.swift */,
				268EBEE12178CAA0006DD494 /* GCDClass.swift */,
			);
			path = "Classes to Save Data";
			sourceTree = "<group>";
		};
		26BAE5A8215D186B00B3FA71 /* Storyboards */ = {
			isa = PBXGroup;
			children = (
				26F51F6121554ECC002D5EB4 /* LaunchScreen.storyboard */,
				26F51F5C21554ECA002D5EB4 /* Main.storyboard */,
				26BAE5A6215D183000B3FA71 /* Profile.storyboard */,
			);
			path = Storyboards;
			sourceTree = "<group>";
		};
		26C4B94B2155654900B3622B /* Supporting Files */ = {
			isa = PBXGroup;
			children = (
				26C4B94C2155657000B3622B /* LoggingHelper.swift */,
				263635292181B38A000E3629 /* GenerateMessageID.swift */,
			);
			path = "Supporting Files";
			sourceTree = "<group>";
		};
		26ECFD26218A42220026881A /* CoreData Helper */ = {
			isa = PBXGroup;
			children = (
				2604D927218AFFFF00787678 /* Models */,
				2604D928218B002200787678 /* Entities For User Extensions */,
				266997832168FF3200FC0F6D /* Entities For Dialog Extensions */,
				2604D922218AFF4000787678 /* CoreDataStack.swift */,
				2604D92D218B1A4800787678 /* StorageManager.swift */,
			);
			path = "CoreData Helper";
			sourceTree = "<group>";
		};
		26F51F4C21554ECA002D5EB4 = {
			isa = PBXGroup;
			children = (
				26F51F5721554ECA002D5EB4 /* Higher Chat of Fintech */,
				26F51F5621554ECA002D5EB4 /* Products */,
				7BB83DA9E306C1C729A5FA66 /* Pods */,
			);
			sourceTree = "<group>";
		};
		26F51F5621554ECA002D5EB4 /* Products */ = {
			isa = PBXGroup;
			children = (
				26F51F5521554ECA002D5EB4 /* Higher Chat of Fintech.app */,
			);
			name = Products;
			sourceTree = "<group>";
		};
		26F51F5721554ECA002D5EB4 /* Higher Chat of Fintech */ = {
			isa = PBXGroup;
			children = (
				266A35652167D97F00028668 /* AppDelegate */,
				266A35392166243A00028668 /* Protocols */,
				26695F91216F83C900255C85 /* Extensions */,
				26ECFD26218A42220026881A /* CoreData Helper */,
				268EBEDE2178CA6D006DD494 /* Classes to Save Data */,
				26695F80216F43DE00255C85 /* Classes For Themes */,
				26BAE5A8215D186B00B3FA71 /* Storyboards */,
				26C4B94B2155654900B3622B /* Supporting Files */,
				266A35642167D96E00028668 /* Profile */,
				26695F7A216F375C00255C85 /* Theme Picker */,
				263635262181B134000E3629 /* Multipeer Communicator */,
				266A35612167D92600028668 /* ConversationsList */,
				266A35632167D94900028668 /* Chat */,
				26F51F5A21554ECA002D5EB4 /* ViewController.swift */,
				26F51F5F21554ECC002D5EB4 /* Assets.xcassets */,
				26F51F6421554ECC002D5EB4 /* Info.plist */,
			);
			path = "Higher Chat of Fintech";
			sourceTree = "<group>";
		};
		7BB83DA9E306C1C729A5FA66 /* Pods */ = {
			isa = PBXGroup;
			children = (
				EE8E66B6F036E804B719B2A5 /* Pods-Higher Chat of Fintech.debug.xcconfig */,
				94F7FC16A644C737791076AF /* Pods-Higher Chat of Fintech.release.xcconfig */,
			);
			name = Pods;
			sourceTree = "<group>";
		};
/* End PBXGroup section */

/* Begin PBXNativeTarget section */
		26F51F5421554ECA002D5EB4 /* Higher Chat of Fintech */ = {
			isa = PBXNativeTarget;
			buildConfigurationList = 26F51F6721554ECC002D5EB4 /* Build configuration list for PBXNativeTarget "Higher Chat of Fintech" */;
			buildPhases = (
				B4953075CCC735217D4176D3 /* [CP] Check Pods Manifest.lock */,
				264C3F2B219851BD00112105 /* SwiftLint */,
				26F51F5121554ECA002D5EB4 /* Sources */,
				26F51F5221554ECA002D5EB4 /* Frameworks */,
				26F51F5321554ECA002D5EB4 /* Resources */,
			);
			buildRules = (
			);
			dependencies = (
			);
			name = "Higher Chat of Fintech";
			productName = "Higher Chat of Fintech";
			productReference = 26F51F5521554ECA002D5EB4 /* Higher Chat of Fintech.app */;
			productType = "com.apple.product-type.application";
		};
/* End PBXNativeTarget section */

/* Begin PBXProject section */
		26F51F4D21554ECA002D5EB4 /* Project object */ = {
			isa = PBXProject;
			attributes = {
				LastSwiftUpdateCheck = 1000;
				LastUpgradeCheck = 1000;
				ORGANIZATIONNAME = "Alex Milogradsky";
				TargetAttributes = {
					26F51F5421554ECA002D5EB4 = {
						CreatedOnToolsVersion = 10.0;
						LastSwiftMigration = 1000;
					};
				};
			};
			buildConfigurationList = 26F51F5021554ECA002D5EB4 /* Build configuration list for PBXProject "Higher Chat of Fintech" */;
			compatibilityVersion = "Xcode 9.3";
			developmentRegion = en;
			hasScannedForEncodings = 0;
			knownRegions = (
				en,
				Base,
			);
			mainGroup = 26F51F4C21554ECA002D5EB4;
			productRefGroup = 26F51F5621554ECA002D5EB4 /* Products */;
			projectDirPath = "";
			projectRoot = "";
			targets = (
				26F51F5421554ECA002D5EB4 /* Higher Chat of Fintech */,
			);
		};
/* End PBXProject section */

/* Begin PBXResourcesBuildPhase section */
		26F51F5321554ECA002D5EB4 /* Resources */ = {
			isa = PBXResourcesBuildPhase;
			buildActionMask = 2147483647;
			files = (
				26F51F6321554ECC002D5EB4 /* LaunchScreen.storyboard in Resources */,
				26F51F6021554ECC002D5EB4 /* Assets.xcassets in Resources */,
				26BAE5A7215D183000B3FA71 /* Profile.storyboard in Resources */,
				26F51F5E21554ECA002D5EB4 /* Main.storyboard in Resources */,
			);
			runOnlyForDeploymentPostprocessing = 0;
		};
/* End PBXResourcesBuildPhase section */

/* Begin PBXShellScriptBuildPhase section */
		264C3F2B219851BD00112105 /* SwiftLint */ = {
			isa = PBXShellScriptBuildPhase;
			buildActionMask = 2147483647;
			files = (
			);
			inputFileListPaths = (
			);
			inputPaths = (
			);
			name = SwiftLint;
			outputFileListPaths = (
			);
			outputPaths = (
			);
			runOnlyForDeploymentPostprocessing = 0;
			shellPath = /bin/sh;
			shellScript = "if which swiftlint >/dev/null; then\nswiftlint\nelse\necho \"warning: SwiftLint not installed, download from https://github.com/realm/SwiftLint\"\nfi\n";
		};
		B4953075CCC735217D4176D3 /* [CP] Check Pods Manifest.lock */ = {
			isa = PBXShellScriptBuildPhase;
			buildActionMask = 2147483647;
			files = (
			);
			inputFileListPaths = (
			);
			inputPaths = (
				"${PODS_PODFILE_DIR_PATH}/Podfile.lock",
				"${PODS_ROOT}/Manifest.lock",
			);
			name = "[CP] Check Pods Manifest.lock";
			outputFileListPaths = (
			);
			outputPaths = (
				"$(DERIVED_FILE_DIR)/Pods-Higher Chat of Fintech-checkManifestLockResult.txt",
			);
			runOnlyForDeploymentPostprocessing = 0;
			shellPath = /bin/sh;
			shellScript = "diff \"${PODS_PODFILE_DIR_PATH}/Podfile.lock\" \"${PODS_ROOT}/Manifest.lock\" > /dev/null\nif [ $? != 0 ] ; then\n    # print error to STDERR\n    echo \"error: The sandbox is not in sync with the Podfile.lock. Run 'pod install' or update your CocoaPods installation.\" >&2\n    exit 1\nfi\n# This output is used by Xcode 'outputs' to avoid re-running this script phase.\necho \"SUCCESS\" > \"${SCRIPT_OUTPUT_FILE_0}\"\n";
			showEnvVarsInLog = 0;
		};
/* End PBXShellScriptBuildPhase section */

/* Begin PBXSourcesBuildPhase section */
		26F51F5121554ECA002D5EB4 /* Sources */ = {
			isa = PBXSourcesBuildPhase;
			buildActionMask = 2147483647;
			files = (
				2604D92A218B152400787678 /* AppUser.swift in Sources */,
				265114C82170B52400938317 /* ThemesPickerViewControllerSwift.swift in Sources */,
				266A353B2166289500028668 /* ConversationCellConfiguration.swift in Sources */,
				263635282181B180000E3629 /* CommunicatorProtocol.swift in Sources */,
				268EBEE62178F0CD006DD494 /* SavingDataProtocol.swift in Sources */,
				26F51F5B21554ECA002D5EB4 /* ViewController.swift in Sources */,
				266A35322165EE1400028668 /* ConversationsListViewController.swift in Sources */,
				266A35342165F34600028668 /* ConversationTableViewCell.swift in Sources */,
				2604D92C218B177F00787678 /* User.swift in Sources */,
				2636352A2181B38A000E3629 /* GenerateMessageID.swift in Sources */,
				26C4B94D2155657000B3622B /* LoggingHelper.swift in Sources */,
				26695F90216F530C00255C85 /* Themes.m in Sources */,
				2604D926218AFFDC00787678 /* ModelForCoreData.xcdatamodeld in Sources */,
				266997852168FF5000FC0F6D /* Conversation.swift in Sources */,
				268EBEE02178CA94006DD494 /* OperationClass.swift in Sources */,
				268EBEE22178CAA0006DD494 /* GCDClass.swift in Sources */,
				26698454215D133200B32A24 /* ProfileViewController.swift in Sources */,
				26A28BD3217CD18900C2824B /* StringExtension.swift in Sources */,
				266A354D2166741B00028668 /* ChatTableViewCell.swift in Sources */,
				266A35382166242F00028668 /* MessageCellConfiguration.swift in Sources */,
				26695F93216F83EE00255C85 /* UserDefaultsExtension.swift in Sources */,
				266997872168FF7300FC0F6D /* Message.swift in Sources */,
				2604D923218AFF4000787678 /* CoreDataStack.swift in Sources */,
				266A35692167E99700028668 /* ConversationViewController.swift in Sources */,
				26363530218211C4000E3629 /* CommunicationManagerDelegate.swift in Sources */,
				26F51F5921554ECA002D5EB4 /* AppDelegate.swift in Sources */,
				2636352C2181B497000E3629 /* PeerToPeerCommunicator.swift in Sources */,
				2604D92E218B1A4800787678 /* StorageManager.swift in Sources */,
				2636352E21820FE3000E3629 /* CommunicationManager.swift in Sources */,
				26695F7E216F37F500255C85 /* ThemesViewController.m in Sources */,
			);
			runOnlyForDeploymentPostprocessing = 0;
		};
/* End PBXSourcesBuildPhase section */

/* Begin PBXVariantGroup section */
		26F51F5C21554ECA002D5EB4 /* Main.storyboard */ = {
			isa = PBXVariantGroup;
			children = (
				26F51F5D21554ECA002D5EB4 /* Base */,
			);
			name = Main.storyboard;
			sourceTree = "<group>";
		};
		26F51F6121554ECC002D5EB4 /* LaunchScreen.storyboard */ = {
			isa = PBXVariantGroup;
			children = (
				26F51F6221554ECC002D5EB4 /* Base */,
			);
			name = LaunchScreen.storyboard;
			sourceTree = "<group>";
		};
/* End PBXVariantGroup section */

/* Begin XCBuildConfiguration section */
		26F51F6521554ECC002D5EB4 /* Debug */ = {
			isa = XCBuildConfiguration;
			buildSettings = {
				ALWAYS_SEARCH_USER_PATHS = NO;
				CLANG_ANALYZER_NONNULL = YES;
				CLANG_ANALYZER_NUMBER_OBJECT_CONVERSION = YES_AGGRESSIVE;
				CLANG_CXX_LANGUAGE_STANDARD = "gnu++14";
				CLANG_CXX_LIBRARY = "libc++";
				CLANG_ENABLE_MODULES = YES;
				CLANG_ENABLE_OBJC_ARC = NO;
				CLANG_ENABLE_OBJC_WEAK = YES;
				CLANG_WARN_BLOCK_CAPTURE_AUTORELEASING = YES;
				CLANG_WARN_BOOL_CONVERSION = YES;
				CLANG_WARN_COMMA = YES;
				CLANG_WARN_CONSTANT_CONVERSION = YES;
				CLANG_WARN_DEPRECATED_OBJC_IMPLEMENTATIONS = YES;
				CLANG_WARN_DIRECT_OBJC_ISA_USAGE = YES_ERROR;
				CLANG_WARN_DOCUMENTATION_COMMENTS = YES;
				CLANG_WARN_EMPTY_BODY = YES;
				CLANG_WARN_ENUM_CONVERSION = YES;
				CLANG_WARN_INFINITE_RECURSION = YES;
				CLANG_WARN_INT_CONVERSION = YES;
				CLANG_WARN_NON_LITERAL_NULL_CONVERSION = YES;
				CLANG_WARN_OBJC_IMPLICIT_RETAIN_SELF = YES;
				CLANG_WARN_OBJC_LITERAL_CONVERSION = YES;
				CLANG_WARN_OBJC_ROOT_CLASS = YES_ERROR;
				CLANG_WARN_RANGE_LOOP_ANALYSIS = YES;
				CLANG_WARN_STRICT_PROTOTYPES = YES;
				CLANG_WARN_SUSPICIOUS_MOVE = YES;
				CLANG_WARN_UNGUARDED_AVAILABILITY = YES_AGGRESSIVE;
				CLANG_WARN_UNREACHABLE_CODE = YES;
				CLANG_WARN__DUPLICATE_METHOD_MATCH = YES;
				CODE_SIGN_IDENTITY = "iPhone Developer";
				COPY_PHASE_STRIP = NO;
				DEBUG_INFORMATION_FORMAT = dwarf;
				ENABLE_STRICT_OBJC_MSGSEND = YES;
				ENABLE_TESTABILITY = YES;
				GCC_C_LANGUAGE_STANDARD = gnu11;
				GCC_DYNAMIC_NO_PIC = NO;
				GCC_NO_COMMON_BLOCKS = YES;
				GCC_OPTIMIZATION_LEVEL = 0;
				GCC_PREPROCESSOR_DEFINITIONS = (
					"DEBUG=1",
					"$(inherited)",
				);
				GCC_WARN_64_TO_32_BIT_CONVERSION = YES;
				GCC_WARN_ABOUT_RETURN_TYPE = YES_ERROR;
				GCC_WARN_UNDECLARED_SELECTOR = YES;
				GCC_WARN_UNINITIALIZED_AUTOS = YES_AGGRESSIVE;
				GCC_WARN_UNUSED_FUNCTION = YES;
				GCC_WARN_UNUSED_VARIABLE = YES;
				IPHONEOS_DEPLOYMENT_TARGET = 12.0;
				MTL_ENABLE_DEBUG_INFO = INCLUDE_SOURCE;
				MTL_FAST_MATH = YES;
				ONLY_ACTIVE_ARCH = YES;
				SDKROOT = iphoneos;
				SWIFT_ACTIVE_COMPILATION_CONDITIONS = DEBUG;
				SWIFT_OPTIMIZATION_LEVEL = "-Onone";
			};
			name = Debug;
		};
		26F51F6621554ECC002D5EB4 /* Release */ = {
			isa = XCBuildConfiguration;
			buildSettings = {
				ALWAYS_SEARCH_USER_PATHS = NO;
				CLANG_ANALYZER_NONNULL = YES;
				CLANG_ANALYZER_NUMBER_OBJECT_CONVERSION = YES_AGGRESSIVE;
				CLANG_CXX_LANGUAGE_STANDARD = "gnu++14";
				CLANG_CXX_LIBRARY = "libc++";
				CLANG_ENABLE_MODULES = YES;
				CLANG_ENABLE_OBJC_ARC = NO;
				CLANG_ENABLE_OBJC_WEAK = YES;
				CLANG_WARN_BLOCK_CAPTURE_AUTORELEASING = YES;
				CLANG_WARN_BOOL_CONVERSION = YES;
				CLANG_WARN_COMMA = YES;
				CLANG_WARN_CONSTANT_CONVERSION = YES;
				CLANG_WARN_DEPRECATED_OBJC_IMPLEMENTATIONS = YES;
				CLANG_WARN_DIRECT_OBJC_ISA_USAGE = YES_ERROR;
				CLANG_WARN_DOCUMENTATION_COMMENTS = YES;
				CLANG_WARN_EMPTY_BODY = YES;
				CLANG_WARN_ENUM_CONVERSION = YES;
				CLANG_WARN_INFINITE_RECURSION = YES;
				CLANG_WARN_INT_CONVERSION = YES;
				CLANG_WARN_NON_LITERAL_NULL_CONVERSION = YES;
				CLANG_WARN_OBJC_IMPLICIT_RETAIN_SELF = YES;
				CLANG_WARN_OBJC_LITERAL_CONVERSION = YES;
				CLANG_WARN_OBJC_ROOT_CLASS = YES_ERROR;
				CLANG_WARN_RANGE_LOOP_ANALYSIS = YES;
				CLANG_WARN_STRICT_PROTOTYPES = YES;
				CLANG_WARN_SUSPICIOUS_MOVE = YES;
				CLANG_WARN_UNGUARDED_AVAILABILITY = YES_AGGRESSIVE;
				CLANG_WARN_UNREACHABLE_CODE = YES;
				CLANG_WARN__DUPLICATE_METHOD_MATCH = YES;
				CODE_SIGN_IDENTITY = "iPhone Developer";
				COPY_PHASE_STRIP = NO;
				DEBUG_INFORMATION_FORMAT = "dwarf-with-dsym";
				ENABLE_NS_ASSERTIONS = NO;
				ENABLE_STRICT_OBJC_MSGSEND = YES;
				GCC_C_LANGUAGE_STANDARD = gnu11;
				GCC_NO_COMMON_BLOCKS = YES;
				GCC_WARN_64_TO_32_BIT_CONVERSION = YES;
				GCC_WARN_ABOUT_RETURN_TYPE = YES_ERROR;
				GCC_WARN_UNDECLARED_SELECTOR = YES;
				GCC_WARN_UNINITIALIZED_AUTOS = YES_AGGRESSIVE;
				GCC_WARN_UNUSED_FUNCTION = YES;
				GCC_WARN_UNUSED_VARIABLE = YES;
				IPHONEOS_DEPLOYMENT_TARGET = 12.0;
				MTL_ENABLE_DEBUG_INFO = NO;
				MTL_FAST_MATH = YES;
				SDKROOT = iphoneos;
				SWIFT_COMPILATION_MODE = wholemodule;
				SWIFT_OPTIMIZATION_LEVEL = "-O";
				VALIDATE_PRODUCT = YES;
			};
			name = Release;
		};
		26F51F6821554ECC002D5EB4 /* Debug */ = {
			isa = XCBuildConfiguration;
			baseConfigurationReference = EE8E66B6F036E804B719B2A5 /* Pods-Higher Chat of Fintech.debug.xcconfig */;
			buildSettings = {
				ASSETCATALOG_COMPILER_APPICON_NAME = AppIcon;
				CLANG_ENABLE_MODULES = YES;
				CODE_SIGN_STYLE = Automatic;
				DEVELOPMENT_TEAM = 52Q39KPRSY;
				INFOPLIST_FILE = "Higher Chat of Fintech/Info.plist";
				LD_RUNPATH_SEARCH_PATHS = (
					"$(inherited)",
					"@executable_path/Frameworks",
				);
				OTHER_SWIFT_FLAGS = "-DDEBUG";
				PRODUCT_BUNDLE_IDENTIFIER = "com.nemexur.Higher-Chat-of-Fintech";
				PRODUCT_NAME = "$(TARGET_NAME)";
				SWIFT_OBJC_BRIDGING_HEADER = "Higher Chat of Fintech/Theme Picker/Higher Chat of Fintech-Bridging-Header.h";
				SWIFT_OPTIMIZATION_LEVEL = "-Onone";
				SWIFT_VERSION = 4.2;
				TARGETED_DEVICE_FAMILY = "1,2";
			};
			name = Debug;
		};
		26F51F6921554ECC002D5EB4 /* Release */ = {
			isa = XCBuildConfiguration;
			baseConfigurationReference = 94F7FC16A644C737791076AF /* Pods-Higher Chat of Fintech.release.xcconfig */;
			buildSettings = {
				ASSETCATALOG_COMPILER_APPICON_NAME = AppIcon;
				CLANG_ENABLE_MODULES = YES;
				CODE_SIGN_STYLE = Automatic;
				DEVELOPMENT_TEAM = 52Q39KPRSY;
				INFOPLIST_FILE = "Higher Chat of Fintech/Info.plist";
				LD_RUNPATH_SEARCH_PATHS = (
					"$(inherited)",
					"@executable_path/Frameworks",
				);
				OTHER_SWIFT_FLAGS = "-DRELEASE";
				PRODUCT_BUNDLE_IDENTIFIER = "com.nemexur.Higher-Chat-of-Fintech";
				PRODUCT_NAME = "$(TARGET_NAME)";
				SWIFT_OBJC_BRIDGING_HEADER = "Higher Chat of Fintech/Theme Picker/Higher Chat of Fintech-Bridging-Header.h";
				SWIFT_VERSION = 4.2;
				TARGETED_DEVICE_FAMILY = "1,2";
			};
			name = Release;
		};
/* End XCBuildConfiguration section */

/* Begin XCConfigurationList section */
		26F51F5021554ECA002D5EB4 /* Build configuration list for PBXProject "Higher Chat of Fintech" */ = {
			isa = XCConfigurationList;
			buildConfigurations = (
				26F51F6521554ECC002D5EB4 /* Debug */,
				26F51F6621554ECC002D5EB4 /* Release */,
			);
			defaultConfigurationIsVisible = 0;
			defaultConfigurationName = Release;
		};
		26F51F6721554ECC002D5EB4 /* Build configuration list for PBXNativeTarget "Higher Chat of Fintech" */ = {
			isa = XCConfigurationList;
			buildConfigurations = (
				26F51F6821554ECC002D5EB4 /* Debug */,
				26F51F6921554ECC002D5EB4 /* Release */,
			);
			defaultConfigurationIsVisible = 0;
			defaultConfigurationName = Release;
		};
/* End XCConfigurationList section */

/* Begin XCVersionGroup section */
		2604D924218AFFDC00787678 /* ModelForCoreData.xcdatamodeld */ = {
			isa = XCVersionGroup;
			children = (
				26BFBC022194675000DBB738 /* ModelForCoreData v2.xcdatamodel */,
				2604D925218AFFDC00787678 /* ModelForCoreData.xcdatamodel */,
			);
			currentVersion = 26BFBC022194675000DBB738 /* ModelForCoreData v2.xcdatamodel */;
			path = ModelForCoreData.xcdatamodeld;
			sourceTree = "<group>";
			versionGroupType = wrapper.xcdatamodel;
		};
/* End XCVersionGroup section */
	};
	rootObject = 26F51F4D21554ECA002D5EB4 /* Project object */;
}
