// !$*UTF8*$!
{
	archiveVersion = 1;
	classes = {
	};
	objectVersion = 50;
	objects = {

/* Begin PBXBuildFile section */
		2604D923218AFF4000787678 /* CoreDataStack.swift in Sources */ = {isa = PBXBuildFile; fileRef = 2604D922218AFF4000787678 /* CoreDataStack.swift */; };
		2604D926218AFFDC00787678 /* ModelForCoreData.xcdatamodeld in Sources */ = {isa = PBXBuildFile; fileRef = 2604D924218AFFDC00787678 /* ModelForCoreData.xcdatamodeld */; };
		2604D92A218B152400787678 /* AppUser.swift in Sources */ = {isa = PBXBuildFile; fileRef = 2604D929218B152400787678 /* AppUser.swift */; };
		2604D92C218B177F00787678 /* User.swift in Sources */ = {isa = PBXBuildFile; fileRef = 2604D92B218B177F00787678 /* User.swift */; };
		2604D92E218B1A4800787678 /* StorageManager.swift in Sources */ = {isa = PBXBuildFile; fileRef = 2604D92D218B1A4800787678 /* StorageManager.swift */; };
		2634B4AA21A071A5002D61E6 /* CoreAssembly.swift in Sources */ = {isa = PBXBuildFile; fileRef = 2634B4A921A071A5002D61E6 /* CoreAssembly.swift */; };
		2634B4AC21A07356002D61E6 /* RootAssembly.swift in Sources */ = {isa = PBXBuildFile; fileRef = 2634B4AB21A07356002D61E6 /* RootAssembly.swift */; };
		2634B4B321A07731002D61E6 /* ICoreAssembly.swift in Sources */ = {isa = PBXBuildFile; fileRef = 2634B4B221A07731002D61E6 /* ICoreAssembly.swift */; };
		2634B4B621A07761002D61E6 /* IStorageManager.swift in Sources */ = {isa = PBXBuildFile; fileRef = 2634B4B521A07761002D61E6 /* IStorageManager.swift */; };
		2634B4BC21A0817B002D61E6 /* ServiceAssembly.swift in Sources */ = {isa = PBXBuildFile; fileRef = 2634B4BB21A0817B002D61E6 /* ServiceAssembly.swift */; };
		2634B4BE21A08187002D61E6 /* IServiceAssembly.swift in Sources */ = {isa = PBXBuildFile; fileRef = 2634B4BD21A08187002D61E6 /* IServiceAssembly.swift */; };
		2634B4C021A0848D002D61E6 /* ICommunicationManager.swift in Sources */ = {isa = PBXBuildFile; fileRef = 2634B4BF21A0848D002D61E6 /* ICommunicationManager.swift */; };
		2634B4C321A08622002D61E6 /* PresentationAssembly.swift in Sources */ = {isa = PBXBuildFile; fileRef = 2634B4C221A08622002D61E6 /* PresentationAssembly.swift */; };
		2634B4C521A08633002D61E6 /* IPresentationAssembly.swift in Sources */ = {isa = PBXBuildFile; fileRef = 2634B4C421A08633002D61E6 /* IPresentationAssembly.swift */; };
		2634B4C721A0A4A7002D61E6 /* ConversationsListModel.swift in Sources */ = {isa = PBXBuildFile; fileRef = 2634B4C621A0A4A7002D61E6 /* ConversationsListModel.swift */; };
		2634B4CB21A0A505002D61E6 /* IConversationsListModel.swift in Sources */ = {isa = PBXBuildFile; fileRef = 2634B4CA21A0A505002D61E6 /* IConversationsListModel.swift */; };
		2634B4CD21A0A51B002D61E6 /* ConversationsListModelDelegate.swift in Sources */ = {isa = PBXBuildFile; fileRef = 2634B4CC21A0A51B002D61E6 /* ConversationsListModelDelegate.swift */; };
		2634B4D021A0BC5A002D61E6 /* IConversationModel.swift in Sources */ = {isa = PBXBuildFile; fileRef = 2634B4CF21A0BC5A002D61E6 /* IConversationModel.swift */; };
		2634B4D221A0BC6E002D61E6 /* ConversationModelDelegate.swift in Sources */ = {isa = PBXBuildFile; fileRef = 2634B4D121A0BC6E002D61E6 /* ConversationModelDelegate.swift */; };
		263635282181B180000E3629 /* CommunicatorProtocol.swift in Sources */ = {isa = PBXBuildFile; fileRef = 263635272181B180000E3629 /* CommunicatorProtocol.swift */; };
		2636352A2181B38A000E3629 /* GenerateMessageID.swift in Sources */ = {isa = PBXBuildFile; fileRef = 263635292181B38A000E3629 /* GenerateMessageID.swift */; };
		2636352C2181B497000E3629 /* PeerToPeerCommunicator.swift in Sources */ = {isa = PBXBuildFile; fileRef = 2636352B2181B497000E3629 /* PeerToPeerCommunicator.swift */; };
		2636352E21820FE3000E3629 /* CommunicationManager.swift in Sources */ = {isa = PBXBuildFile; fileRef = 2636352D21820FE3000E3629 /* CommunicationManager.swift */; };
		26363530218211C4000E3629 /* CommunicationManagerDelegate.swift in Sources */ = {isa = PBXBuildFile; fileRef = 2636352F218211C4000E3629 /* CommunicationManagerDelegate.swift */; };
		265114C82170B52400938317 /* ThemesPickerViewControllerSwift.swift in Sources */ = {isa = PBXBuildFile; fileRef = 265114C72170B52400938317 /* ThemesPickerViewControllerSwift.swift */; };
		26528CA521A695FF007CF446 /* ImagesViewController.swift in Sources */ = {isa = PBXBuildFile; fileRef = 26528CA421A695FF007CF446 /* ImagesViewController.swift */; };
		26528CA721A6962B007CF446 /* ImagesModel.swift in Sources */ = {isa = PBXBuildFile; fileRef = 26528CA621A6962B007CF446 /* ImagesModel.swift */; };
		26528CA921A6963F007CF446 /* IImagesModel.swift in Sources */ = {isa = PBXBuildFile; fileRef = 26528CA821A6963F007CF446 /* IImagesModel.swift */; };
		26528CAC21A69CC3007CF446 /* ImageCollectionViewCell.swift in Sources */ = {isa = PBXBuildFile; fileRef = 26528CAB21A69CC3007CF446 /* ImageCollectionViewCell.swift */; };
		26528CAE21A6A372007CF446 /* SelectedImageDelegate.swift in Sources */ = {isa = PBXBuildFile; fileRef = 26528CAD21A6A372007CF446 /* SelectedImageDelegate.swift */; };
		26528CBA21A6ACC4007CF446 /* IRequest.swift in Sources */ = {isa = PBXBuildFile; fileRef = 26528CB921A6ACC4007CF446 /* IRequest.swift */; };
		26528CBC21A6ACEB007CF446 /* Request.swift in Sources */ = {isa = PBXBuildFile; fileRef = 26528CBB21A6ACEB007CF446 /* Request.swift */; };
		26528CBE21A6AD22007CF446 /* IParser.swift in Sources */ = {isa = PBXBuildFile; fileRef = 26528CBD21A6AD22007CF446 /* IParser.swift */; };
		26528CC121A6AD66007CF446 /* RequestConfigFactory.swift in Sources */ = {isa = PBXBuildFile; fileRef = 26528CC021A6AD66007CF446 /* RequestConfigFactory.swift */; };
		26528CC721A6ADEF007CF446 /* PixabayImagesModel.swift in Sources */ = {isa = PBXBuildFile; fileRef = 26528CC621A6ADEF007CF446 /* PixabayImagesModel.swift */; };
		26528CCA21A6B1CC007CF446 /* ParserForPixabay.swift in Sources */ = {isa = PBXBuildFile; fileRef = 26528CC921A6B1CC007CF446 /* ParserForPixabay.swift */; };
		26528CCE21A6B2BC007CF446 /* IRequestSender.swift in Sources */ = {isa = PBXBuildFile; fileRef = 26528CCD21A6B2BC007CF446 /* IRequestSender.swift */; };
		26528CD221A6B313007CF446 /* RequestConfig.swift in Sources */ = {isa = PBXBuildFile; fileRef = 26528CD121A6B313007CF446 /* RequestConfig.swift */; };
		26528CD521A6B3F9007CF446 /* Result.swift in Sources */ = {isa = PBXBuildFile; fileRef = 26528CD421A6B3F9007CF446 /* Result.swift */; };
		26528CD821A6B97C007CF446 /* RequestSender.swift in Sources */ = {isa = PBXBuildFile; fileRef = 26528CD721A6B97C007CF446 /* RequestSender.swift */; };
		26528CDC21A6BB74007CF446 /* INetworkManager.swift in Sources */ = {isa = PBXBuildFile; fileRef = 26528CDB21A6BB74007CF446 /* INetworkManager.swift */; };
		26528CDE21A6BB8D007CF446 /* NetworkManager.swift in Sources */ = {isa = PBXBuildFile; fileRef = 26528CDD21A6BB8D007CF446 /* NetworkManager.swift */; };
		26528CE321A6CF24007CF446 /* ImagesModelDelegate.swift in Sources */ = {isa = PBXBuildFile; fileRef = 26528CE221A6CF24007CF446 /* ImagesModelDelegate.swift */; };
		26528CE621A6D43C007CF446 /* RequestsFactory.swift in Sources */ = {isa = PBXBuildFile; fileRef = 26528CE521A6D43C007CF446 /* RequestsFactory.swift */; };
		26528CE921A714DB007CF446 /* CheckInternet.swift in Sources */ = {isa = PBXBuildFile; fileRef = 26528CE821A714DB007CF446 /* CheckInternet.swift */; };
		2657FAEF21A1463A00C629D9 /* ConversationModel.swift in Sources */ = {isa = PBXBuildFile; fileRef = 2657FAEE21A1463A00C629D9 /* ConversationModel.swift */; };
		2657FAFB21A15FDE00C629D9 /* IThemePickerModel.swift in Sources */ = {isa = PBXBuildFile; fileRef = 2657FAFA21A15FDE00C629D9 /* IThemePickerModel.swift */; };
		2657FAFD21A1602300C629D9 /* ThemePickerModel.swift in Sources */ = {isa = PBXBuildFile; fileRef = 2657FAFC21A1602300C629D9 /* ThemePickerModel.swift */; };
		2657FAFF21A1655E00C629D9 /* IProfileModel.swift in Sources */ = {isa = PBXBuildFile; fileRef = 2657FAFE21A1655E00C629D9 /* IProfileModel.swift */; };
		2657FB0121A1656A00C629D9 /* ProfileModelDelegate.swift in Sources */ = {isa = PBXBuildFile; fileRef = 2657FB0021A1656A00C629D9 /* ProfileModelDelegate.swift */; };
		2657FB0321A1659000C629D9 /* ProfileModel.swift in Sources */ = {isa = PBXBuildFile; fileRef = 2657FB0221A1659000C629D9 /* ProfileModel.swift */; };
		26695F7E216F37F500255C85 /* ThemesViewController.m in Sources */ = {isa = PBXBuildFile; fileRef = 26695F7D216F37F500255C85 /* ThemesViewController.m */; };
		26695F90216F530C00255C85 /* Themes.m in Sources */ = {isa = PBXBuildFile; fileRef = 26695F8F216F530C00255C85 /* Themes.m */; };
		26695F93216F83EE00255C85 /* UserDefaultsExtension.swift in Sources */ = {isa = PBXBuildFile; fileRef = 26695F92216F83EE00255C85 /* UserDefaultsExtension.swift */; };
		26698454215D133200B32A24 /* ProfileViewController.swift in Sources */ = {isa = PBXBuildFile; fileRef = 26698453215D133100B32A24 /* ProfileViewController.swift */; };
		266997852168FF5000FC0F6D /* Conversation.swift in Sources */ = {isa = PBXBuildFile; fileRef = 266997842168FF5000FC0F6D /* Conversation.swift */; };
		266997872168FF7300FC0F6D /* Message.swift in Sources */ = {isa = PBXBuildFile; fileRef = 266997862168FF7300FC0F6D /* Message.swift */; };
		266A35322165EE1400028668 /* ConversationsListViewController.swift in Sources */ = {isa = PBXBuildFile; fileRef = 266A35312165EE1400028668 /* ConversationsListViewController.swift */; };
		266A35342165F34600028668 /* ConversationTableViewCell.swift in Sources */ = {isa = PBXBuildFile; fileRef = 266A35332165F34600028668 /* ConversationTableViewCell.swift */; };
		266A35382166242F00028668 /* MessageCellConfiguration.swift in Sources */ = {isa = PBXBuildFile; fileRef = 266A35372166242F00028668 /* MessageCellConfiguration.swift */; };
		266A353B2166289500028668 /* ConversationCellConfiguration.swift in Sources */ = {isa = PBXBuildFile; fileRef = 266A353A2166289500028668 /* ConversationCellConfiguration.swift */; };
		266A354D2166741B00028668 /* ChatTableViewCell.swift in Sources */ = {isa = PBXBuildFile; fileRef = 266A354C2166741B00028668 /* ChatTableViewCell.swift */; };
		266A35692167E99700028668 /* ConversationViewController.swift in Sources */ = {isa = PBXBuildFile; fileRef = 266A35682167E99700028668 /* ConversationViewController.swift */; };
		2685427021A227B10095F9A6 /* ICoreDataStack.swift in Sources */ = {isa = PBXBuildFile; fileRef = 2685426F21A227B10095F9A6 /* ICoreDataStack.swift */; };
		268EBEE02178CA94006DD494 /* OperationClass.swift in Sources */ = {isa = PBXBuildFile; fileRef = 268EBEDF2178CA94006DD494 /* OperationClass.swift */; };
		268EBEE62178F0CD006DD494 /* ISavingData.swift in Sources */ = {isa = PBXBuildFile; fileRef = 268EBEE52178F0CD006DD494 /* ISavingData.swift */; };
		2695374A21A956B500187A13 /* NetworkManagerDelegate.swift in Sources */ = {isa = PBXBuildFile; fileRef = 2695374921A956B500187A13 /* NetworkManagerDelegate.swift */; };
		26A28BD3217CD18900C2824B /* StringExtension.swift in Sources */ = {isa = PBXBuildFile; fileRef = 26A28BD2217CD18900C2824B /* StringExtension.swift */; };
		26BAE5A7215D183000B3FA71 /* Profile.storyboard in Resources */ = {isa = PBXBuildFile; fileRef = 26BAE5A6215D183000B3FA71 /* Profile.storyboard */; };
		26C4B94D2155657000B3622B /* LoggingHelper.swift in Sources */ = {isa = PBXBuildFile; fileRef = 26C4B94C2155657000B3622B /* LoggingHelper.swift */; };
		26DC5C0921A2E097004A05F7 /* GenericFetchRequest.swift in Sources */ = {isa = PBXBuildFile; fileRef = 26DC5C0821A2E097004A05F7 /* GenericFetchRequest.swift */; };
		26F51F5921554ECA002D5EB4 /* AppDelegate.swift in Sources */ = {isa = PBXBuildFile; fileRef = 26F51F5821554ECA002D5EB4 /* AppDelegate.swift */; };
		26F51F5B21554ECA002D5EB4 /* ViewController.swift in Sources */ = {isa = PBXBuildFile; fileRef = 26F51F5A21554ECA002D5EB4 /* ViewController.swift */; };
		26F51F5E21554ECA002D5EB4 /* Main.storyboard in Resources */ = {isa = PBXBuildFile; fileRef = 26F51F5C21554ECA002D5EB4 /* Main.storyboard */; };
		26F51F6021554ECC002D5EB4 /* Assets.xcassets in Resources */ = {isa = PBXBuildFile; fileRef = 26F51F5F21554ECC002D5EB4 /* Assets.xcassets */; };
		26F51F6321554ECC002D5EB4 /* LaunchScreen.storyboard in Resources */ = {isa = PBXBuildFile; fileRef = 26F51F6121554ECC002D5EB4 /* LaunchScreen.storyboard */; };
/* End PBXBuildFile section */

/* Begin PBXFileReference section */
		2604D922218AFF4000787678 /* CoreDataStack.swift */ = {isa = PBXFileReference; lastKnownFileType = sourcecode.swift; path = CoreDataStack.swift; sourceTree = "<group>"; };
		2604D925218AFFDC00787678 /* ModelForCoreData.xcdatamodel */ = {isa = PBXFileReference; lastKnownFileType = wrapper.xcdatamodel; path = ModelForCoreData.xcdatamodel; sourceTree = "<group>"; };
		2604D929218B152400787678 /* AppUser.swift */ = {isa = PBXFileReference; lastKnownFileType = sourcecode.swift; path = AppUser.swift; sourceTree = "<group>"; };
		2604D92B218B177F00787678 /* User.swift */ = {isa = PBXFileReference; lastKnownFileType = sourcecode.swift; path = User.swift; sourceTree = "<group>"; };
		2604D92D218B1A4800787678 /* StorageManager.swift */ = {isa = PBXFileReference; lastKnownFileType = sourcecode.swift; path = StorageManager.swift; sourceTree = "<group>"; };
		2634B4A921A071A5002D61E6 /* CoreAssembly.swift */ = {isa = PBXFileReference; lastKnownFileType = sourcecode.swift; path = CoreAssembly.swift; sourceTree = "<group>"; };
		2634B4AB21A07356002D61E6 /* RootAssembly.swift */ = {isa = PBXFileReference; lastKnownFileType = sourcecode.swift; path = RootAssembly.swift; sourceTree = "<group>"; };
		2634B4B221A07731002D61E6 /* ICoreAssembly.swift */ = {isa = PBXFileReference; lastKnownFileType = sourcecode.swift; path = ICoreAssembly.swift; sourceTree = "<group>"; };
		2634B4B521A07761002D61E6 /* IStorageManager.swift */ = {isa = PBXFileReference; lastKnownFileType = sourcecode.swift; path = IStorageManager.swift; sourceTree = "<group>"; };
		2634B4BB21A0817B002D61E6 /* ServiceAssembly.swift */ = {isa = PBXFileReference; lastKnownFileType = sourcecode.swift; path = ServiceAssembly.swift; sourceTree = "<group>"; };
		2634B4BD21A08187002D61E6 /* IServiceAssembly.swift */ = {isa = PBXFileReference; lastKnownFileType = sourcecode.swift; path = IServiceAssembly.swift; sourceTree = "<group>"; };
		2634B4BF21A0848D002D61E6 /* ICommunicationManager.swift */ = {isa = PBXFileReference; lastKnownFileType = sourcecode.swift; path = ICommunicationManager.swift; sourceTree = "<group>"; };
		2634B4C221A08622002D61E6 /* PresentationAssembly.swift */ = {isa = PBXFileReference; lastKnownFileType = sourcecode.swift; path = PresentationAssembly.swift; sourceTree = "<group>"; };
		2634B4C421A08633002D61E6 /* IPresentationAssembly.swift */ = {isa = PBXFileReference; lastKnownFileType = sourcecode.swift; path = IPresentationAssembly.swift; sourceTree = "<group>"; };
		2634B4C621A0A4A7002D61E6 /* ConversationsListModel.swift */ = {isa = PBXFileReference; lastKnownFileType = sourcecode.swift; path = ConversationsListModel.swift; sourceTree = "<group>"; };
		2634B4CA21A0A505002D61E6 /* IConversationsListModel.swift */ = {isa = PBXFileReference; lastKnownFileType = sourcecode.swift; path = IConversationsListModel.swift; sourceTree = "<group>"; };
		2634B4CC21A0A51B002D61E6 /* ConversationsListModelDelegate.swift */ = {isa = PBXFileReference; lastKnownFileType = sourcecode.swift; path = ConversationsListModelDelegate.swift; sourceTree = "<group>"; };
		2634B4CF21A0BC5A002D61E6 /* IConversationModel.swift */ = {isa = PBXFileReference; lastKnownFileType = sourcecode.swift; path = IConversationModel.swift; sourceTree = "<group>"; };
		2634B4D121A0BC6E002D61E6 /* ConversationModelDelegate.swift */ = {isa = PBXFileReference; lastKnownFileType = sourcecode.swift; path = ConversationModelDelegate.swift; sourceTree = "<group>"; };
		263635272181B180000E3629 /* CommunicatorProtocol.swift */ = {isa = PBXFileReference; lastKnownFileType = sourcecode.swift; path = CommunicatorProtocol.swift; sourceTree = "<group>"; };
		263635292181B38A000E3629 /* GenerateMessageID.swift */ = {isa = PBXFileReference; lastKnownFileType = sourcecode.swift; path = GenerateMessageID.swift; sourceTree = "<group>"; };
		2636352B2181B497000E3629 /* PeerToPeerCommunicator.swift */ = {isa = PBXFileReference; lastKnownFileType = sourcecode.swift; path = PeerToPeerCommunicator.swift; sourceTree = "<group>"; };
		2636352D21820FE3000E3629 /* CommunicationManager.swift */ = {isa = PBXFileReference; lastKnownFileType = sourcecode.swift; path = CommunicationManager.swift; sourceTree = "<group>"; };
		2636352F218211C4000E3629 /* CommunicationManagerDelegate.swift */ = {isa = PBXFileReference; lastKnownFileType = sourcecode.swift; path = CommunicationManagerDelegate.swift; sourceTree = "<group>"; };
		265114C72170B52400938317 /* ThemesPickerViewControllerSwift.swift */ = {isa = PBXFileReference; lastKnownFileType = sourcecode.swift; path = ThemesPickerViewControllerSwift.swift; sourceTree = "<group>"; };
		26528CA421A695FF007CF446 /* ImagesViewController.swift */ = {isa = PBXFileReference; lastKnownFileType = sourcecode.swift; path = ImagesViewController.swift; sourceTree = "<group>"; };
		26528CA621A6962B007CF446 /* ImagesModel.swift */ = {isa = PBXFileReference; lastKnownFileType = sourcecode.swift; path = ImagesModel.swift; sourceTree = "<group>"; };
		26528CA821A6963F007CF446 /* IImagesModel.swift */ = {isa = PBXFileReference; lastKnownFileType = sourcecode.swift; path = IImagesModel.swift; sourceTree = "<group>"; };
		26528CAB21A69CC3007CF446 /* ImageCollectionViewCell.swift */ = {isa = PBXFileReference; lastKnownFileType = sourcecode.swift; path = ImageCollectionViewCell.swift; sourceTree = "<group>"; };
		26528CAD21A6A372007CF446 /* SelectedImageDelegate.swift */ = {isa = PBXFileReference; lastKnownFileType = sourcecode.swift; path = SelectedImageDelegate.swift; sourceTree = "<group>"; };
		26528CB921A6ACC4007CF446 /* IRequest.swift */ = {isa = PBXFileReference; lastKnownFileType = sourcecode.swift; path = IRequest.swift; sourceTree = "<group>"; };
		26528CBB21A6ACEB007CF446 /* Request.swift */ = {isa = PBXFileReference; lastKnownFileType = sourcecode.swift; path = Request.swift; sourceTree = "<group>"; };
		26528CBD21A6AD22007CF446 /* IParser.swift */ = {isa = PBXFileReference; lastKnownFileType = sourcecode.swift; path = IParser.swift; sourceTree = "<group>"; };
		26528CC021A6AD66007CF446 /* RequestConfigFactory.swift */ = {isa = PBXFileReference; lastKnownFileType = sourcecode.swift; path = RequestConfigFactory.swift; sourceTree = "<group>"; };
		26528CC621A6ADEF007CF446 /* PixabayImagesModel.swift */ = {isa = PBXFileReference; lastKnownFileType = sourcecode.swift; path = PixabayImagesModel.swift; sourceTree = "<group>"; };
		26528CC921A6B1CC007CF446 /* ParserForPixabay.swift */ = {isa = PBXFileReference; lastKnownFileType = sourcecode.swift; path = ParserForPixabay.swift; sourceTree = "<group>"; };
		26528CCD21A6B2BC007CF446 /* IRequestSender.swift */ = {isa = PBXFileReference; lastKnownFileType = sourcecode.swift; path = IRequestSender.swift; sourceTree = "<group>"; };
		26528CD121A6B313007CF446 /* RequestConfig.swift */ = {isa = PBXFileReference; lastKnownFileType = sourcecode.swift; path = RequestConfig.swift; sourceTree = "<group>"; };
		26528CD421A6B3F9007CF446 /* Result.swift */ = {isa = PBXFileReference; lastKnownFileType = sourcecode.swift; path = Result.swift; sourceTree = "<group>"; };
		26528CD721A6B97C007CF446 /* RequestSender.swift */ = {isa = PBXFileReference; lastKnownFileType = sourcecode.swift; path = RequestSender.swift; sourceTree = "<group>"; };
		26528CDB21A6BB74007CF446 /* INetworkManager.swift */ = {isa = PBXFileReference; lastKnownFileType = sourcecode.swift; path = INetworkManager.swift; sourceTree = "<group>"; };
		26528CDD21A6BB8D007CF446 /* NetworkManager.swift */ = {isa = PBXFileReference; lastKnownFileType = sourcecode.swift; path = NetworkManager.swift; sourceTree = "<group>"; };
		26528CE221A6CF24007CF446 /* ImagesModelDelegate.swift */ = {isa = PBXFileReference; lastKnownFileType = sourcecode.swift; path = ImagesModelDelegate.swift; sourceTree = "<group>"; };
		26528CE521A6D43C007CF446 /* RequestsFactory.swift */ = {isa = PBXFileReference; lastKnownFileType = sourcecode.swift; path = RequestsFactory.swift; sourceTree = "<group>"; };
		26528CE821A714DB007CF446 /* CheckInternet.swift */ = {isa = PBXFileReference; lastKnownFileType = sourcecode.swift; path = CheckInternet.swift; sourceTree = "<group>"; };
		2657FAEE21A1463A00C629D9 /* ConversationModel.swift */ = {isa = PBXFileReference; lastKnownFileType = sourcecode.swift; path = ConversationModel.swift; sourceTree = "<group>"; };
		2657FAFA21A15FDE00C629D9 /* IThemePickerModel.swift */ = {isa = PBXFileReference; lastKnownFileType = sourcecode.swift; path = IThemePickerModel.swift; sourceTree = "<group>"; };
		2657FAFC21A1602300C629D9 /* ThemePickerModel.swift */ = {isa = PBXFileReference; lastKnownFileType = sourcecode.swift; path = ThemePickerModel.swift; sourceTree = "<group>"; };
		2657FAFE21A1655E00C629D9 /* IProfileModel.swift */ = {isa = PBXFileReference; lastKnownFileType = sourcecode.swift; path = IProfileModel.swift; sourceTree = "<group>"; };
		2657FB0021A1656A00C629D9 /* ProfileModelDelegate.swift */ = {isa = PBXFileReference; lastKnownFileType = sourcecode.swift; path = ProfileModelDelegate.swift; sourceTree = "<group>"; };
		2657FB0221A1659000C629D9 /* ProfileModel.swift */ = {isa = PBXFileReference; lastKnownFileType = sourcecode.swift; path = ProfileModel.swift; sourceTree = "<group>"; };
		26695F7B216F37F500255C85 /* Higher Chat of Fintech-Bridging-Header.h */ = {isa = PBXFileReference; lastKnownFileType = sourcecode.c.h; path = "Higher Chat of Fintech-Bridging-Header.h"; sourceTree = "<group>"; };
		26695F7C216F37F500255C85 /* ThemesViewController.h */ = {isa = PBXFileReference; lastKnownFileType = sourcecode.c.h; path = ThemesViewController.h; sourceTree = "<group>"; };
		26695F7D216F37F500255C85 /* ThemesViewController.m */ = {isa = PBXFileReference; lastKnownFileType = sourcecode.c.objc; path = ThemesViewController.m; sourceTree = "<group>"; };
		26695F8E216F530C00255C85 /* Themes.h */ = {isa = PBXFileReference; lastKnownFileType = sourcecode.c.h; path = Themes.h; sourceTree = "<group>"; };
		26695F8F216F530C00255C85 /* Themes.m */ = {isa = PBXFileReference; lastKnownFileType = sourcecode.c.objc; path = Themes.m; sourceTree = "<group>"; };
		26695F92216F83EE00255C85 /* UserDefaultsExtension.swift */ = {isa = PBXFileReference; lastKnownFileType = sourcecode.swift; path = UserDefaultsExtension.swift; sourceTree = "<group>"; };
		26698453215D133100B32A24 /* ProfileViewController.swift */ = {isa = PBXFileReference; lastKnownFileType = sourcecode.swift; path = ProfileViewController.swift; sourceTree = "<group>"; };
		266997842168FF5000FC0F6D /* Conversation.swift */ = {isa = PBXFileReference; lastKnownFileType = sourcecode.swift; path = Conversation.swift; sourceTree = "<group>"; };
		266997862168FF7300FC0F6D /* Message.swift */ = {isa = PBXFileReference; lastKnownFileType = sourcecode.swift; path = Message.swift; sourceTree = "<group>"; };
		266A35312165EE1400028668 /* ConversationsListViewController.swift */ = {isa = PBXFileReference; lastKnownFileType = sourcecode.swift; path = ConversationsListViewController.swift; sourceTree = "<group>"; };
		266A35332165F34600028668 /* ConversationTableViewCell.swift */ = {isa = PBXFileReference; lastKnownFileType = sourcecode.swift; path = ConversationTableViewCell.swift; sourceTree = "<group>"; };
		266A35372166242F00028668 /* MessageCellConfiguration.swift */ = {isa = PBXFileReference; lastKnownFileType = sourcecode.swift; path = MessageCellConfiguration.swift; sourceTree = "<group>"; };
		266A353A2166289500028668 /* ConversationCellConfiguration.swift */ = {isa = PBXFileReference; lastKnownFileType = sourcecode.swift; path = ConversationCellConfiguration.swift; sourceTree = "<group>"; };
		266A354C2166741B00028668 /* ChatTableViewCell.swift */ = {isa = PBXFileReference; lastKnownFileType = sourcecode.swift; path = ChatTableViewCell.swift; sourceTree = "<group>"; };
		266A35682167E99700028668 /* ConversationViewController.swift */ = {isa = PBXFileReference; lastKnownFileType = sourcecode.swift; path = ConversationViewController.swift; sourceTree = "<group>"; };
		2685426F21A227B10095F9A6 /* ICoreDataStack.swift */ = {isa = PBXFileReference; lastKnownFileType = sourcecode.swift; path = ICoreDataStack.swift; sourceTree = "<group>"; };
		268EBEDF2178CA94006DD494 /* OperationClass.swift */ = {isa = PBXFileReference; lastKnownFileType = sourcecode.swift; path = OperationClass.swift; sourceTree = "<group>"; };
		268EBEE52178F0CD006DD494 /* ISavingData.swift */ = {isa = PBXFileReference; lastKnownFileType = sourcecode.swift; path = ISavingData.swift; sourceTree = "<group>"; };
		2695374921A956B500187A13 /* NetworkManagerDelegate.swift */ = {isa = PBXFileReference; lastKnownFileType = sourcecode.swift; path = NetworkManagerDelegate.swift; sourceTree = "<group>"; };
		26A28BD2217CD18900C2824B /* StringExtension.swift */ = {isa = PBXFileReference; lastKnownFileType = sourcecode.swift; path = StringExtension.swift; sourceTree = "<group>"; };
		26BAE5A6215D183000B3FA71 /* Profile.storyboard */ = {isa = PBXFileReference; lastKnownFileType = file.storyboard; path = Profile.storyboard; sourceTree = "<group>"; };
		26BFBC022194675000DBB738 /* ModelForCoreData v2.xcdatamodel */ = {isa = PBXFileReference; lastKnownFileType = wrapper.xcdatamodel; path = "ModelForCoreData v2.xcdatamodel"; sourceTree = "<group>"; };
		26C4B94C2155657000B3622B /* LoggingHelper.swift */ = {isa = PBXFileReference; lastKnownFileType = sourcecode.swift; path = LoggingHelper.swift; sourceTree = "<group>"; };
		26DC5C0821A2E097004A05F7 /* GenericFetchRequest.swift */ = {isa = PBXFileReference; lastKnownFileType = sourcecode.swift; path = GenericFetchRequest.swift; sourceTree = "<group>"; };
		26F51F5521554ECA002D5EB4 /* Higher Chat of Fintech.app */ = {isa = PBXFileReference; explicitFileType = wrapper.application; includeInIndex = 0; path = "Higher Chat of Fintech.app"; sourceTree = BUILT_PRODUCTS_DIR; };
		26F51F5821554ECA002D5EB4 /* AppDelegate.swift */ = {isa = PBXFileReference; lastKnownFileType = sourcecode.swift; path = AppDelegate.swift; sourceTree = "<group>"; };
		26F51F5A21554ECA002D5EB4 /* ViewController.swift */ = {isa = PBXFileReference; lastKnownFileType = sourcecode.swift; path = ViewController.swift; sourceTree = "<group>"; };
		26F51F5D21554ECA002D5EB4 /* Base */ = {isa = PBXFileReference; lastKnownFileType = file.storyboard; name = Base; path = Base.lproj/Main.storyboard; sourceTree = "<group>"; };
		26F51F5F21554ECC002D5EB4 /* Assets.xcassets */ = {isa = PBXFileReference; lastKnownFileType = folder.assetcatalog; path = Assets.xcassets; sourceTree = "<group>"; };
		26F51F6221554ECC002D5EB4 /* Base */ = {isa = PBXFileReference; lastKnownFileType = file.storyboard; name = Base; path = Base.lproj/LaunchScreen.storyboard; sourceTree = "<group>"; };
		26F51F6421554ECC002D5EB4 /* Info.plist */ = {isa = PBXFileReference; lastKnownFileType = text.plist.xml; path = Info.plist; sourceTree = "<group>"; };
		94F7FC16A644C737791076AF /* Pods-Higher Chat of Fintech.release.xcconfig */ = {isa = PBXFileReference; includeInIndex = 1; lastKnownFileType = text.xcconfig; name = "Pods-Higher Chat of Fintech.release.xcconfig"; path = "Pods/Target Support Files/Pods-Higher Chat of Fintech/Pods-Higher Chat of Fintech.release.xcconfig"; sourceTree = "<group>"; };
		EE8E66B6F036E804B719B2A5 /* Pods-Higher Chat of Fintech.debug.xcconfig */ = {isa = PBXFileReference; includeInIndex = 1; lastKnownFileType = text.xcconfig; name = "Pods-Higher Chat of Fintech.debug.xcconfig"; path = "Pods/Target Support Files/Pods-Higher Chat of Fintech/Pods-Higher Chat of Fintech.debug.xcconfig"; sourceTree = "<group>"; };
/* End PBXFileReference section */

/* Begin PBXFrameworksBuildPhase section */
		26F51F5221554ECA002D5EB4 /* Frameworks */ = {
			isa = PBXFrameworksBuildPhase;
			buildActionMask = 2147483647;
			files = (
			);
			runOnlyForDeploymentPostprocessing = 0;
		};
/* End PBXFrameworksBuildPhase section */

/* Begin PBXGroup section */
		2604D927218AFFFF00787678 /* Models */ = {
			isa = PBXGroup;
			children = (
				2604D924218AFFDC00787678 /* ModelForCoreData.xcdatamodeld */,
			);
			path = Models;
			sourceTree = "<group>";
		};
		2604D928218B002200787678 /* For User Extensions */ = {
			isa = PBXGroup;
			children = (
				2604D929218B152400787678 /* AppUser.swift */,
				2604D92B218B177F00787678 /* User.swift */,
			);
			path = "For User Extensions";
			sourceTree = "<group>";
		};
		2634B4A321A06ADF002D61E6 /* View Layer */ = {
			isa = PBXGroup;
			children = (
				2634B4A821A06CFC002D61E6 /* Assembly */,
				26BAE5A8215D186B00B3FA71 /* Storyboards */,
				266A35612167D92600028668 /* ConversationsList */,
				266A35632167D94900028668 /* Chat */,
				26695F7A216F375C00255C85 /* Theme Picker */,
				266A35642167D96E00028668 /* Profile */,
				26528C9F21A692F7007CF446 /* Images */,
				26F51F5A21554ECA002D5EB4 /* ViewController.swift */,
			);
			path = "View Layer";
			sourceTree = "<group>";
		};
		2634B4A421A06AEC002D61E6 /* Service Layer */ = {
			isa = PBXGroup;
			children = (
				2634B4A721A06CF5002D61E6 /* Assembly */,
				2634B4AE21A07624002D61E6 /* CoreData Manager */,
				2634B4B721A07E67002D61E6 /* Operation Manager */,
				2634B4AF21A07642002D61E6 /* P2P Manager */,
				26528CD921A6BB51007CF446 /* Network Manager */,
			);
			path = "Service Layer";
			sourceTree = "<group>";
		};
		2634B4A521A06AF6002D61E6 /* Core Layer */ = {
			isa = PBXGroup;
			children = (
				2634B4A621A06CEB002D61E6 /* Assembly */,
				26DCF67C21A743E800E2453B /* Factories */,
				26ECFD26218A42220026881A /* CoreData */,
				263635262181B134000E3629 /* Multipeer Communicator */,
				26528CA021A6955F007CF446 /* Network */,
			);
			path = "Core Layer";
			sourceTree = "<group>";
		};
		2634B4A621A06CEB002D61E6 /* Assembly */ = {
			isa = PBXGroup;
			children = (
				2634B4B121A07719002D61E6 /* Protocols */,
				2634B4A921A071A5002D61E6 /* CoreAssembly.swift */,
			);
			path = Assembly;
			sourceTree = "<group>";
		};
		2634B4A721A06CF5002D61E6 /* Assembly */ = {
			isa = PBXGroup;
			children = (
				2634B4BA21A08167002D61E6 /* Protocols */,
				2634B4BB21A0817B002D61E6 /* ServiceAssembly.swift */,
			);
			path = Assembly;
			sourceTree = "<group>";
		};
		2634B4A821A06CFC002D61E6 /* Assembly */ = {
			isa = PBXGroup;
			children = (
				2634B4C121A085FF002D61E6 /* Protocols */,
				2634B4C221A08622002D61E6 /* PresentationAssembly.swift */,
			);
			path = Assembly;
			sourceTree = "<group>";
		};
		2634B4AE21A07624002D61E6 /* CoreData Manager */ = {
			isa = PBXGroup;
			children = (
				2634B4B421A0774A002D61E6 /* Protocols */,
				2604D92D218B1A4800787678 /* StorageManager.swift */,
			);
			path = "CoreData Manager";
			sourceTree = "<group>";
		};
		2634B4AF21A07642002D61E6 /* P2P Manager */ = {
			isa = PBXGroup;
			children = (
				2634B4B021A076EF002D61E6 /* Protocols */,
				2636352D21820FE3000E3629 /* CommunicationManager.swift */,
			);
			path = "P2P Manager";
			sourceTree = "<group>";
		};
		2634B4B021A076EF002D61E6 /* Protocols */ = {
			isa = PBXGroup;
			children = (
				2636352F218211C4000E3629 /* CommunicationManagerDelegate.swift */,
				2634B4BF21A0848D002D61E6 /* ICommunicationManager.swift */,
			);
			path = Protocols;
			sourceTree = "<group>";
		};
		2634B4B121A07719002D61E6 /* Protocols */ = {
			isa = PBXGroup;
			children = (
				2634B4B221A07731002D61E6 /* ICoreAssembly.swift */,
			);
			path = Protocols;
			sourceTree = "<group>";
		};
		2634B4B421A0774A002D61E6 /* Protocols */ = {
			isa = PBXGroup;
			children = (
				2634B4B521A07761002D61E6 /* IStorageManager.swift */,
			);
			path = Protocols;
			sourceTree = "<group>";
		};
		2634B4B721A07E67002D61E6 /* Operation Manager */ = {
			isa = PBXGroup;
			children = (
				2634B4B821A07E88002D61E6 /* Protocols */,
				268EBEDF2178CA94006DD494 /* OperationClass.swift */,
			);
			path = "Operation Manager";
			sourceTree = "<group>";
		};
		2634B4B821A07E88002D61E6 /* Protocols */ = {
			isa = PBXGroup;
			children = (
				268EBEE52178F0CD006DD494 /* ISavingData.swift */,
			);
			path = Protocols;
			sourceTree = "<group>";
		};
		2634B4B921A08109002D61E6 /* SOA */ = {
			isa = PBXGroup;
			children = (
				2634B4A521A06AF6002D61E6 /* Core Layer */,
				2634B4A421A06AEC002D61E6 /* Service Layer */,
				2634B4A321A06ADF002D61E6 /* View Layer */,
			);
			path = SOA;
			sourceTree = "<group>";
		};
		2634B4BA21A08167002D61E6 /* Protocols */ = {
			isa = PBXGroup;
			children = (
				2634B4BD21A08187002D61E6 /* IServiceAssembly.swift */,
			);
			path = Protocols;
			sourceTree = "<group>";
		};
		2634B4C121A085FF002D61E6 /* Protocols */ = {
			isa = PBXGroup;
			children = (
				2634B4C421A08633002D61E6 /* IPresentationAssembly.swift */,
			);
			path = Protocols;
			sourceTree = "<group>";
		};
		2634B4C821A0A4E3002D61E6 /* Protocols */ = {
			isa = PBXGroup;
			children = (
				2634B4CA21A0A505002D61E6 /* IConversationsListModel.swift */,
				2634B4CC21A0A51B002D61E6 /* ConversationsListModelDelegate.swift */,
				266A353A2166289500028668 /* ConversationCellConfiguration.swift */,
			);
			path = Protocols;
			sourceTree = "<group>";
		};
		2634B4CE21A0BC44002D61E6 /* Protocols */ = {
			isa = PBXGroup;
			children = (
				2634B4CF21A0BC5A002D61E6 /* IConversationModel.swift */,
				2634B4D121A0BC6E002D61E6 /* ConversationModelDelegate.swift */,
				266A35372166242F00028668 /* MessageCellConfiguration.swift */,
			);
			path = Protocols;
			sourceTree = "<group>";
		};
		263635262181B134000E3629 /* Multipeer Communicator */ = {
			isa = PBXGroup;
			children = (
				2636353121827122000E3629 /* Protocols */,
				2636352B2181B497000E3629 /* PeerToPeerCommunicator.swift */,
			);
			path = "Multipeer Communicator";
			sourceTree = "<group>";
		};
		2636353121827122000E3629 /* Protocols */ = {
			isa = PBXGroup;
			children = (
				263635272181B180000E3629 /* CommunicatorProtocol.swift */,
			);
			path = Protocols;
			sourceTree = "<group>";
		};
		26528C9F21A692F7007CF446 /* Images */ = {
			isa = PBXGroup;
			children = (
				26528CA121A695AF007CF446 /* Protocols */,
				26528CA221A695B6007CF446 /* Controller */,
				26528CAA21A69C79007CF446 /* Cell */,
				26528CA321A695BD007CF446 /* Model */,
			);
			path = Images;
			sourceTree = "<group>";
		};
		26528CA021A6955F007CF446 /* Network */ = {
			isa = PBXGroup;
			children = (
				26528CB521A6AC94007CF446 /* Request Elements */,
				26528CB621A6ACA0007CF446 /* Parser */,
			);
			path = Network;
			sourceTree = "<group>";
		};
		26528CA121A695AF007CF446 /* Protocols */ = {
			isa = PBXGroup;
			children = (
				26528CA821A6963F007CF446 /* IImagesModel.swift */,
				26528CAD21A6A372007CF446 /* SelectedImageDelegate.swift */,
				26528CE221A6CF24007CF446 /* ImagesModelDelegate.swift */,
			);
			path = Protocols;
			sourceTree = "<group>";
		};
		26528CA221A695B6007CF446 /* Controller */ = {
			isa = PBXGroup;
			children = (
				26528CA421A695FF007CF446 /* ImagesViewController.swift */,
			);
			path = Controller;
			sourceTree = "<group>";
		};
		26528CA321A695BD007CF446 /* Model */ = {
			isa = PBXGroup;
			children = (
				26528CA621A6962B007CF446 /* ImagesModel.swift */,
			);
			path = Model;
			sourceTree = "<group>";
		};
		26528CAA21A69C79007CF446 /* Cell */ = {
			isa = PBXGroup;
			children = (
				26528CAB21A69CC3007CF446 /* ImageCollectionViewCell.swift */,
			);
			path = Cell;
			sourceTree = "<group>";
		};
		26528CB521A6AC94007CF446 /* Request Elements */ = {
			isa = PBXGroup;
			children = (
				26528CD621A6B7F9007CF446 /* Request */,
				26528CD021A6B2F8007CF446 /* Request Configuration */,
				26528CCB21A6B288007CF446 /* Request Sender */,
				26528CD321A6B3E1007CF446 /* Request Result */,
			);
			path = "Request Elements";
			sourceTree = "<group>";
		};
		26528CB621A6ACA0007CF446 /* Parser */ = {
			isa = PBXGroup;
			children = (
				26528CB821A6ACB6007CF446 /* Protocols */,
				26528CC821A6B16C007CF446 /* Parser For Pixabay */,
				26528CC221A6ADA5007CF446 /* Models For Parsing */,
			);
			path = Parser;
			sourceTree = "<group>";
		};
		26528CB721A6ACAF007CF446 /* Protocols */ = {
			isa = PBXGroup;
			children = (
				26528CB921A6ACC4007CF446 /* IRequest.swift */,
			);
			path = Protocols;
			sourceTree = "<group>";
		};
		26528CB821A6ACB6007CF446 /* Protocols */ = {
			isa = PBXGroup;
			children = (
				26528CBD21A6AD22007CF446 /* IParser.swift */,
			);
			path = Protocols;
			sourceTree = "<group>";
		};
		26528CBF21A6AD47007CF446 /* Request Configurations Factory */ = {
			isa = PBXGroup;
			children = (
				26528CC021A6AD66007CF446 /* RequestConfigFactory.swift */,
			);
			path = "Request Configurations Factory";
			sourceTree = "<group>";
		};
		26528CC221A6ADA5007CF446 /* Models For Parsing */ = {
			isa = PBXGroup;
			children = (
				26528CC621A6ADEF007CF446 /* PixabayImagesModel.swift */,
			);
			path = "Models For Parsing";
			sourceTree = "<group>";
		};
		26528CC821A6B16C007CF446 /* Parser For Pixabay */ = {
			isa = PBXGroup;
			children = (
				26528CC921A6B1CC007CF446 /* ParserForPixabay.swift */,
			);
			path = "Parser For Pixabay";
			sourceTree = "<group>";
		};
		26528CCB21A6B288007CF446 /* Request Sender */ = {
			isa = PBXGroup;
			children = (
				26528CCC21A6B2A1007CF446 /* Protocols */,
				26528CD721A6B97C007CF446 /* RequestSender.swift */,
			);
			path = "Request Sender";
			sourceTree = "<group>";
		};
		26528CCC21A6B2A1007CF446 /* Protocols */ = {
			isa = PBXGroup;
			children = (
				26528CCD21A6B2BC007CF446 /* IRequestSender.swift */,
			);
			path = Protocols;
			sourceTree = "<group>";
		};
		26528CD021A6B2F8007CF446 /* Request Configuration */ = {
			isa = PBXGroup;
			children = (
				26528CD121A6B313007CF446 /* RequestConfig.swift */,
			);
			path = "Request Configuration";
			sourceTree = "<group>";
		};
		26528CD321A6B3E1007CF446 /* Request Result */ = {
			isa = PBXGroup;
			children = (
				26528CD421A6B3F9007CF446 /* Result.swift */,
			);
			path = "Request Result";
			sourceTree = "<group>";
		};
		26528CD621A6B7F9007CF446 /* Request */ = {
			isa = PBXGroup;
			children = (
				26528CB721A6ACAF007CF446 /* Protocols */,
				26528CBB21A6ACEB007CF446 /* Request.swift */,
			);
			path = Request;
			sourceTree = "<group>";
		};
		26528CD921A6BB51007CF446 /* Network Manager */ = {
			isa = PBXGroup;
			children = (
				26528CDA21A6BB62007CF446 /* Protocols */,
				26528CDD21A6BB8D007CF446 /* NetworkManager.swift */,
			);
			path = "Network Manager";
			sourceTree = "<group>";
		};
		26528CDA21A6BB62007CF446 /* Protocols */ = {
			isa = PBXGroup;
			children = (
				26528CDB21A6BB74007CF446 /* INetworkManager.swift */,
				2695374921A956B500187A13 /* NetworkManagerDelegate.swift */,
			);
			path = Protocols;
			sourceTree = "<group>";
		};
		26528CE421A6D40C007CF446 /* Requests Factory */ = {
			isa = PBXGroup;
			children = (
				26528CE521A6D43C007CF446 /* RequestsFactory.swift */,
			);
			path = "Requests Factory";
			sourceTree = "<group>";
		};
		26528CE721A714C2007CF446 /* For Checking Internet */ = {
			isa = PBXGroup;
			children = (
				26528CE821A714DB007CF446 /* CheckInternet.swift */,
			);
			path = "For Checking Internet";
			sourceTree = "<group>";
		};
		2657FAE721A145C100C629D9 /* Controller */ = {
			isa = PBXGroup;
			children = (
				266A35312165EE1400028668 /* ConversationsListViewController.swift */,
			);
			path = Controller;
			sourceTree = "<group>";
		};
		2657FAE821A145CA00C629D9 /* Cell */ = {
			isa = PBXGroup;
			children = (
				266A35332165F34600028668 /* ConversationTableViewCell.swift */,
			);
			path = Cell;
			sourceTree = "<group>";
		};
		2657FAE921A145D000C629D9 /* Model */ = {
			isa = PBXGroup;
			children = (
				2634B4C621A0A4A7002D61E6 /* ConversationsListModel.swift */,
			);
			path = Model;
			sourceTree = "<group>";
		};
		2657FAEB21A1460900C629D9 /* Controller */ = {
			isa = PBXGroup;
			children = (
				266A35682167E99700028668 /* ConversationViewController.swift */,
			);
			path = Controller;
			sourceTree = "<group>";
		};
		2657FAEC21A1461100C629D9 /* Cell */ = {
			isa = PBXGroup;
			children = (
				266A354C2166741B00028668 /* ChatTableViewCell.swift */,
			);
			path = Cell;
			sourceTree = "<group>";
		};
		2657FAED21A1461500C629D9 /* Model */ = {
			isa = PBXGroup;
			children = (
				2657FAEE21A1463A00C629D9 /* ConversationModel.swift */,
			);
			path = Model;
			sourceTree = "<group>";
		};
		2657FAF021A1467600C629D9 /* Protocols */ = {
			isa = PBXGroup;
			children = (
				2657FAFE21A1655E00C629D9 /* IProfileModel.swift */,
				2657FB0021A1656A00C629D9 /* ProfileModelDelegate.swift */,
			);
			path = Protocols;
			sourceTree = "<group>";
		};
		2657FAF121A1467D00C629D9 /* Controller */ = {
			isa = PBXGroup;
			children = (
				26698453215D133100B32A24 /* ProfileViewController.swift */,
			);
			path = Controller;
			sourceTree = "<group>";
		};
		2657FAF221A1468300C629D9 /* Model */ = {
			isa = PBXGroup;
			children = (
				2657FB0221A1659000C629D9 /* ProfileModel.swift */,
			);
			path = Model;
			sourceTree = "<group>";
		};
		2657FAF321A15AF900C629D9 /* Obj-C Controller */ = {
			isa = PBXGroup;
			children = (
				26695F7C216F37F500255C85 /* ThemesViewController.h */,
				26695F7D216F37F500255C85 /* ThemesViewController.m */,
			);
			path = "Obj-C Controller";
			sourceTree = "<group>";
		};
		2657FAF521A15B3200C629D9 /* Bridging Header */ = {
			isa = PBXGroup;
			children = (
				26695F7B216F37F500255C85 /* Higher Chat of Fintech-Bridging-Header.h */,
			);
			path = "Bridging Header";
			sourceTree = "<group>";
		};
		2657FAF621A15B4000C629D9 /* Swift Controller */ = {
			isa = PBXGroup;
			children = (
				2657FAF921A15FC300C629D9 /* Protocols */,
				2657FAF721A15C4200C629D9 /* Controller */,
				2657FAF821A15C4B00C629D9 /* Model */,
			);
			path = "Swift Controller";
			sourceTree = "<group>";
		};
		2657FAF721A15C4200C629D9 /* Controller */ = {
			isa = PBXGroup;
			children = (
				265114C72170B52400938317 /* ThemesPickerViewControllerSwift.swift */,
			);
			path = Controller;
			sourceTree = "<group>";
		};
		2657FAF821A15C4B00C629D9 /* Model */ = {
			isa = PBXGroup;
			children = (
				2657FAFC21A1602300C629D9 /* ThemePickerModel.swift */,
			);
			path = Model;
			sourceTree = "<group>";
		};
		2657FAF921A15FC300C629D9 /* Protocols */ = {
			isa = PBXGroup;
			children = (
				2657FAFA21A15FDE00C629D9 /* IThemePickerModel.swift */,
			);
			path = Protocols;
			sourceTree = "<group>";
		};
		2657FB0421A1786400C629D9 /* For Logging */ = {
			isa = PBXGroup;
			children = (
				26C4B94C2155657000B3622B /* LoggingHelper.swift */,
			);
			path = "For Logging";
			sourceTree = "<group>";
		};
		2657FB0521A1786C00C629D9 /* For GeneratingID */ = {
			isa = PBXGroup;
			children = (
				263635292181B38A000E3629 /* GenerateMessageID.swift */,
			);
			path = "For GeneratingID";
			sourceTree = "<group>";
		};
		2657FB0621A1787E00C629D9 /* UserDefaults */ = {
			isa = PBXGroup;
			children = (
				26695F92216F83EE00255C85 /* UserDefaultsExtension.swift */,
			);
			path = UserDefaults;
			sourceTree = "<group>";
		};
		2657FB0721A1788800C629D9 /* String */ = {
			isa = PBXGroup;
			children = (
				26A28BD2217CD18900C2824B /* StringExtension.swift */,
			);
			path = String;
			sourceTree = "<group>";
		};
		26695F7A216F375C00255C85 /* Theme Picker */ = {
			isa = PBXGroup;
			children = (
				26695F80216F43DE00255C85 /* Classes For Themes */,
				2657FAF521A15B3200C629D9 /* Bridging Header */,
				2657FAF621A15B4000C629D9 /* Swift Controller */,
				2657FAF321A15AF900C629D9 /* Obj-C Controller */,
			);
			path = "Theme Picker";
			sourceTree = "<group>";
		};
		26695F80216F43DE00255C85 /* Classes For Themes */ = {
			isa = PBXGroup;
			children = (
				26695F8E216F530C00255C85 /* Themes.h */,
				26695F8F216F530C00255C85 /* Themes.m */,
			);
			path = "Classes For Themes";
			sourceTree = "<group>";
		};
		26695F91216F83C900255C85 /* Extensions */ = {
			isa = PBXGroup;
			children = (
				2657FB0721A1788800C629D9 /* String */,
				2657FB0621A1787E00C629D9 /* UserDefaults */,
			);
			path = Extensions;
			sourceTree = "<group>";
		};
		266997832168FF3200FC0F6D /* For Dialog Extensions */ = {
			isa = PBXGroup;
			children = (
				266997842168FF5000FC0F6D /* Conversation.swift */,
				266997862168FF7300FC0F6D /* Message.swift */,
			);
			path = "For Dialog Extensions";
			sourceTree = "<group>";
		};
		266A35612167D92600028668 /* ConversationsList */ = {
			isa = PBXGroup;
			children = (
				2634B4C821A0A4E3002D61E6 /* Protocols */,
				2657FAE721A145C100C629D9 /* Controller */,
				2657FAE821A145CA00C629D9 /* Cell */,
				2657FAE921A145D000C629D9 /* Model */,
			);
			path = ConversationsList;
			sourceTree = "<group>";
		};
		266A35632167D94900028668 /* Chat */ = {
			isa = PBXGroup;
			children = (
				2634B4CE21A0BC44002D61E6 /* Protocols */,
				2657FAEB21A1460900C629D9 /* Controller */,
				2657FAEC21A1461100C629D9 /* Cell */,
				2657FAED21A1461500C629D9 /* Model */,
			);
			path = Chat;
			sourceTree = "<group>";
		};
		266A35642167D96E00028668 /* Profile */ = {
			isa = PBXGroup;
			children = (
				2657FAF021A1467600C629D9 /* Protocols */,
				2657FAF121A1467D00C629D9 /* Controller */,
				2657FAF221A1468300C629D9 /* Model */,
			);
			path = Profile;
			sourceTree = "<group>";
		};
		266A35652167D97F00028668 /* AppDelegate */ = {
			isa = PBXGroup;
			children = (
				26F51F5821554ECA002D5EB4 /* AppDelegate.swift */,
			);
			path = AppDelegate;
			sourceTree = "<group>";
		};
		2685426E21A2279A0095F9A6 /* Protocols */ = {
			isa = PBXGroup;
			children = (
				2685426F21A227B10095F9A6 /* ICoreDataStack.swift */,
			);
			path = Protocols;
			sourceTree = "<group>";
		};
		2685427121A229140095F9A6 /* Entities */ = {
			isa = PBXGroup;
			children = (
				2604D928218B002200787678 /* For User Extensions */,
				266997832168FF3200FC0F6D /* For Dialog Extensions */,
			);
			path = Entities;
			sourceTree = "<group>";
		};
		26BAE5A8215D186B00B3FA71 /* Storyboards */ = {
			isa = PBXGroup;
			children = (
				26F51F6121554ECC002D5EB4 /* LaunchScreen.storyboard */,
				26F51F5C21554ECA002D5EB4 /* Main.storyboard */,
				26BAE5A6215D183000B3FA71 /* Profile.storyboard */,
			);
			path = Storyboards;
			sourceTree = "<group>";
		};
		26C4B94B2155654900B3622B /* Supporting Files */ = {
			isa = PBXGroup;
			children = (
				26528CE721A714C2007CF446 /* For Checking Internet */,
				26DC5C0721A2E07B004A05F7 /* For Fetching */,
				2657FB0521A1786C00C629D9 /* For GeneratingID */,
				2657FB0421A1786400C629D9 /* For Logging */,
			);
			path = "Supporting Files";
			sourceTree = "<group>";
		};
		26DC5C0721A2E07B004A05F7 /* For Fetching */ = {
			isa = PBXGroup;
			children = (
				26DC5C0821A2E097004A05F7 /* GenericFetchRequest.swift */,
			);
			path = "For Fetching";
			sourceTree = "<group>";
		};
		26DCF67C21A743E800E2453B /* Factories */ = {
			isa = PBXGroup;
			children = (
				26528CE421A6D40C007CF446 /* Requests Factory */,
				26528CBF21A6AD47007CF446 /* Request Configurations Factory */,
			);
			path = Factories;
			sourceTree = "<group>";
		};
		26ECFD26218A42220026881A /* CoreData */ = {
			isa = PBXGroup;
			children = (
				2685426E21A2279A0095F9A6 /* Protocols */,
				2604D927218AFFFF00787678 /* Models */,
				2685427121A229140095F9A6 /* Entities */,
				2604D922218AFF4000787678 /* CoreDataStack.swift */,
			);
			path = CoreData;
			sourceTree = "<group>";
		};
		26F51F4C21554ECA002D5EB4 = {
			isa = PBXGroup;
			children = (
				26F51F5721554ECA002D5EB4 /* Higher Chat of Fintech */,
				26F51F5621554ECA002D5EB4 /* Products */,
				7BB83DA9E306C1C729A5FA66 /* Pods */,
			);
			sourceTree = "<group>";
		};
		26F51F5621554ECA002D5EB4 /* Products */ = {
			isa = PBXGroup;
			children = (
				26F51F5521554ECA002D5EB4 /* Higher Chat of Fintech.app */,
			);
			name = Products;
			sourceTree = "<group>";
		};
		26F51F5721554ECA002D5EB4 /* Higher Chat of Fintech */ = {
			isa = PBXGroup;
			children = (
				2634B4B921A08109002D61E6 /* SOA */,
				266A35652167D97F00028668 /* AppDelegate */,
				26695F91216F83C900255C85 /* Extensions */,
				26C4B94B2155654900B3622B /* Supporting Files */,
				2634B4AB21A07356002D61E6 /* RootAssembly.swift */,
				26F51F5F21554ECC002D5EB4 /* Assets.xcassets */,
				26F51F6421554ECC002D5EB4 /* Info.plist */,
			);
			path = "Higher Chat of Fintech";
			sourceTree = "<group>";
		};
		7BB83DA9E306C1C729A5FA66 /* Pods */ = {
			isa = PBXGroup;
			children = (
				EE8E66B6F036E804B719B2A5 /* Pods-Higher Chat of Fintech.debug.xcconfig */,
				94F7FC16A644C737791076AF /* Pods-Higher Chat of Fintech.release.xcconfig */,
			);
			name = Pods;
			sourceTree = "<group>";
		};
/* End PBXGroup section */

/* Begin PBXNativeTarget section */
		26F51F5421554ECA002D5EB4 /* Higher Chat of Fintech */ = {
			isa = PBXNativeTarget;
			buildConfigurationList = 26F51F6721554ECC002D5EB4 /* Build configuration list for PBXNativeTarget "Higher Chat of Fintech" */;
			buildPhases = (
				B4953075CCC735217D4176D3 /* [CP] Check Pods Manifest.lock */,
				264C3F2B219851BD00112105 /* SwiftLint */,
				26F51F5121554ECA002D5EB4 /* Sources */,
				26F51F5221554ECA002D5EB4 /* Frameworks */,
				26F51F5321554ECA002D5EB4 /* Resources */,
			);
			buildRules = (
			);
			dependencies = (
			);
			name = "Higher Chat of Fintech";
			productName = "Higher Chat of Fintech";
			productReference = 26F51F5521554ECA002D5EB4 /* Higher Chat of Fintech.app */;
			productType = "com.apple.product-type.application";
		};
/* End PBXNativeTarget section */

/* Begin PBXProject section */
		26F51F4D21554ECA002D5EB4 /* Project object */ = {
			isa = PBXProject;
			attributes = {
				LastSwiftUpdateCheck = 1000;
				LastUpgradeCheck = 1000;
				ORGANIZATIONNAME = "Alex Milogradsky";
				TargetAttributes = {
					26F51F5421554ECA002D5EB4 = {
						CreatedOnToolsVersion = 10.0;
						LastSwiftMigration = 1000;
					};
				};
			};
			buildConfigurationList = 26F51F5021554ECA002D5EB4 /* Build configuration list for PBXProject "Higher Chat of Fintech" */;
			compatibilityVersion = "Xcode 9.3";
			developmentRegion = en;
			hasScannedForEncodings = 0;
			knownRegions = (
				en,
				Base,
			);
			mainGroup = 26F51F4C21554ECA002D5EB4;
			productRefGroup = 26F51F5621554ECA002D5EB4 /* Products */;
			projectDirPath = "";
			projectRoot = "";
			targets = (
				26F51F5421554ECA002D5EB4 /* Higher Chat of Fintech */,
			);
		};
/* End PBXProject section */

/* Begin PBXResourcesBuildPhase section */
		26F51F5321554ECA002D5EB4 /* Resources */ = {
			isa = PBXResourcesBuildPhase;
			buildActionMask = 2147483647;
			files = (
				26F51F6321554ECC002D5EB4 /* LaunchScreen.storyboard in Resources */,
				26F51F6021554ECC002D5EB4 /* Assets.xcassets in Resources */,
				26BAE5A7215D183000B3FA71 /* Profile.storyboard in Resources */,
				26F51F5E21554ECA002D5EB4 /* Main.storyboard in Resources */,
			);
			runOnlyForDeploymentPostprocessing = 0;
		};
/* End PBXResourcesBuildPhase section */

/* Begin PBXShellScriptBuildPhase section */
		264C3F2B219851BD00112105 /* SwiftLint */ = {
			isa = PBXShellScriptBuildPhase;
			buildActionMask = 2147483647;
			files = (
			);
			inputFileListPaths = (
			);
			inputPaths = (
			);
			name = SwiftLint;
			outputFileListPaths = (
			);
			outputPaths = (
			);
			runOnlyForDeploymentPostprocessing = 0;
			shellPath = /bin/sh;
			shellScript = "if which swiftlint >/dev/null; then\nswiftlint\nelse\necho \"warning: SwiftLint not installed, download from https://github.com/realm/SwiftLint\"\nfi\n";
		};
		B4953075CCC735217D4176D3 /* [CP] Check Pods Manifest.lock */ = {
			isa = PBXShellScriptBuildPhase;
			buildActionMask = 2147483647;
			files = (
			);
			inputFileListPaths = (
			);
			inputPaths = (
				"${PODS_PODFILE_DIR_PATH}/Podfile.lock",
				"${PODS_ROOT}/Manifest.lock",
			);
			name = "[CP] Check Pods Manifest.lock";
			outputFileListPaths = (
			);
			outputPaths = (
				"$(DERIVED_FILE_DIR)/Pods-Higher Chat of Fintech-checkManifestLockResult.txt",
			);
			runOnlyForDeploymentPostprocessing = 0;
			shellPath = /bin/sh;
			shellScript = "diff \"${PODS_PODFILE_DIR_PATH}/Podfile.lock\" \"${PODS_ROOT}/Manifest.lock\" > /dev/null\nif [ $? != 0 ] ; then\n    # print error to STDERR\n    echo \"error: The sandbox is not in sync with the Podfile.lock. Run 'pod install' or update your CocoaPods installation.\" >&2\n    exit 1\nfi\n# This output is used by Xcode 'outputs' to avoid re-running this script phase.\necho \"SUCCESS\" > \"${SCRIPT_OUTPUT_FILE_0}\"\n";
			showEnvVarsInLog = 0;
		};
/* End PBXShellScriptBuildPhase section */

/* Begin PBXSourcesBuildPhase section */
		26F51F5121554ECA002D5EB4 /* Sources */ = {
			isa = PBXSourcesBuildPhase;
			buildActionMask = 2147483647;
			files = (
				26528CCE21A6B2BC007CF446 /* IRequestSender.swift in Sources */,
				2604D92A218B152400787678 /* AppUser.swift in Sources */,
				26528CAC21A69CC3007CF446 /* ImageCollectionViewCell.swift in Sources */,
				265114C82170B52400938317 /* ThemesPickerViewControllerSwift.swift in Sources */,
				26528CD821A6B97C007CF446 /* RequestSender.swift in Sources */,
				2634B4C321A08622002D61E6 /* PresentationAssembly.swift in Sources */,
				266A353B2166289500028668 /* ConversationCellConfiguration.swift in Sources */,
				263635282181B180000E3629 /* CommunicatorProtocol.swift in Sources */,
				2634B4C521A08633002D61E6 /* IPresentationAssembly.swift in Sources */,
				268EBEE62178F0CD006DD494 /* ISavingData.swift in Sources */,
				2685427021A227B10095F9A6 /* ICoreDataStack.swift in Sources */,
				26F51F5B21554ECA002D5EB4 /* ViewController.swift in Sources */,
				266A35322165EE1400028668 /* ConversationsListViewController.swift in Sources */,
				26528CC721A6ADEF007CF446 /* PixabayImagesModel.swift in Sources */,
				26DC5C0921A2E097004A05F7 /* GenericFetchRequest.swift in Sources */,
				266A35342165F34600028668 /* ConversationTableViewCell.swift in Sources */,
				2634B4AA21A071A5002D61E6 /* CoreAssembly.swift in Sources */,
				2604D92C218B177F00787678 /* User.swift in Sources */,
				26528CD221A6B313007CF446 /* RequestConfig.swift in Sources */,
				2634B4CB21A0A505002D61E6 /* IConversationsListModel.swift in Sources */,
				2636352A2181B38A000E3629 /* GenerateMessageID.swift in Sources */,
				2634B4BE21A08187002D61E6 /* IServiceAssembly.swift in Sources */,
				26528CCA21A6B1CC007CF446 /* ParserForPixabay.swift in Sources */,
				26C4B94D2155657000B3622B /* LoggingHelper.swift in Sources */,
				26695F90216F530C00255C85 /* Themes.m in Sources */,
				2604D926218AFFDC00787678 /* ModelForCoreData.xcdatamodeld in Sources */,
				2634B4D021A0BC5A002D61E6 /* IConversationModel.swift in Sources */,
				26528CD521A6B3F9007CF446 /* Result.swift in Sources */,
				266997852168FF5000FC0F6D /* Conversation.swift in Sources */,
				26528CA521A695FF007CF446 /* ImagesViewController.swift in Sources */,
				2634B4D221A0BC6E002D61E6 /* ConversationModelDelegate.swift in Sources */,
				26528CE621A6D43C007CF446 /* RequestsFactory.swift in Sources */,
				2634B4C021A0848D002D61E6 /* ICommunicationManager.swift in Sources */,
				268EBEE02178CA94006DD494 /* OperationClass.swift in Sources */,
				26528CE921A714DB007CF446 /* CheckInternet.swift in Sources */,
				2634B4AC21A07356002D61E6 /* RootAssembly.swift in Sources */,
				26698454215D133200B32A24 /* ProfileViewController.swift in Sources */,
				2657FAFF21A1655E00C629D9 /* IProfileModel.swift in Sources */,
				2657FAFD21A1602300C629D9 /* ThemePickerModel.swift in Sources */,
				26A28BD3217CD18900C2824B /* StringExtension.swift in Sources */,
				2657FAEF21A1463A00C629D9 /* ConversationModel.swift in Sources */,
				266A354D2166741B00028668 /* ChatTableViewCell.swift in Sources */,
				266A35382166242F00028668 /* MessageCellConfiguration.swift in Sources */,
				26695F93216F83EE00255C85 /* UserDefaultsExtension.swift in Sources */,
				26528CBA21A6ACC4007CF446 /* IRequest.swift in Sources */,
				26528CBC21A6ACEB007CF446 /* Request.swift in Sources */,
				266997872168FF7300FC0F6D /* Message.swift in Sources */,
				26528CBE21A6AD22007CF446 /* IParser.swift in Sources */,
				26528CE321A6CF24007CF446 /* ImagesModelDelegate.swift in Sources */,
				2604D923218AFF4000787678 /* CoreDataStack.swift in Sources */,
				2657FB0121A1656A00C629D9 /* ProfileModelDelegate.swift in Sources */,
				266A35692167E99700028668 /* ConversationViewController.swift in Sources */,
				26528CA921A6963F007CF446 /* IImagesModel.swift in Sources */,
				2657FB0321A1659000C629D9 /* ProfileModel.swift in Sources */,
				2634B4C721A0A4A7002D61E6 /* ConversationsListModel.swift in Sources */,
				26528CDE21A6BB8D007CF446 /* NetworkManager.swift in Sources */,
				26363530218211C4000E3629 /* CommunicationManagerDelegate.swift in Sources */,
				26528CC121A6AD66007CF446 /* RequestConfigFactory.swift in Sources */,
				26F51F5921554ECA002D5EB4 /* AppDelegate.swift in Sources */,
				2636352C2181B497000E3629 /* PeerToPeerCommunicator.swift in Sources */,
				2604D92E218B1A4800787678 /* StorageManager.swift in Sources */,
				26528CDC21A6BB74007CF446 /* INetworkManager.swift in Sources */,
				2636352E21820FE3000E3629 /* CommunicationManager.swift in Sources */,
				2634B4B621A07761002D61E6 /* IStorageManager.swift in Sources */,
				2634B4BC21A0817B002D61E6 /* ServiceAssembly.swift in Sources */,
				26528CA721A6962B007CF446 /* ImagesModel.swift in Sources */,
				2657FAFB21A15FDE00C629D9 /* IThemePickerModel.swift in Sources */,
				26695F7E216F37F500255C85 /* ThemesViewController.m in Sources */,
				26528CAE21A6A372007CF446 /* SelectedImageDelegate.swift in Sources */,
				2634B4B321A07731002D61E6 /* ICoreAssembly.swift in Sources */,
				2634B4CD21A0A51B002D61E6 /* ConversationsListModelDelegate.swift in Sources */,
				2695374A21A956B500187A13 /* NetworkManagerDelegate.swift in Sources */,
			);
			runOnlyForDeploymentPostprocessing = 0;
		};
/* End PBXSourcesBuildPhase section */

/* Begin PBXVariantGroup section */
		26F51F5C21554ECA002D5EB4 /* Main.storyboard */ = {
			isa = PBXVariantGroup;
			children = (
				26F51F5D21554ECA002D5EB4 /* Base */,
			);
			name = Main.storyboard;
			sourceTree = "<group>";
		};
		26F51F6121554ECC002D5EB4 /* LaunchScreen.storyboard */ = {
			isa = PBXVariantGroup;
			children = (
				26F51F6221554ECC002D5EB4 /* Base */,
			);
			name = LaunchScreen.storyboard;
			sourceTree = "<group>";
		};
/* End PBXVariantGroup section */

/* Begin XCBuildConfiguration section */
		26F51F6521554ECC002D5EB4 /* Debug */ = {
			isa = XCBuildConfiguration;
			buildSettings = {
				ALWAYS_SEARCH_USER_PATHS = NO;
				CLANG_ANALYZER_NONNULL = YES;
				CLANG_ANALYZER_NUMBER_OBJECT_CONVERSION = YES_AGGRESSIVE;
				CLANG_CXX_LANGUAGE_STANDARD = "gnu++14";
				CLANG_CXX_LIBRARY = "libc++";
				CLANG_ENABLE_MODULES = YES;
				CLANG_ENABLE_OBJC_ARC = NO;
				CLANG_ENABLE_OBJC_WEAK = YES;
				CLANG_WARN_BLOCK_CAPTURE_AUTORELEASING = YES;
				CLANG_WARN_BOOL_CONVERSION = YES;
				CLANG_WARN_COMMA = YES;
				CLANG_WARN_CONSTANT_CONVERSION = YES;
				CLANG_WARN_DEPRECATED_OBJC_IMPLEMENTATIONS = YES;
				CLANG_WARN_DIRECT_OBJC_ISA_USAGE = YES_ERROR;
				CLANG_WARN_DOCUMENTATION_COMMENTS = YES;
				CLANG_WARN_EMPTY_BODY = YES;
				CLANG_WARN_ENUM_CONVERSION = YES;
				CLANG_WARN_INFINITE_RECURSION = YES;
				CLANG_WARN_INT_CONVERSION = YES;
				CLANG_WARN_NON_LITERAL_NULL_CONVERSION = YES;
				CLANG_WARN_OBJC_IMPLICIT_RETAIN_SELF = YES;
				CLANG_WARN_OBJC_LITERAL_CONVERSION = YES;
				CLANG_WARN_OBJC_ROOT_CLASS = YES_ERROR;
				CLANG_WARN_RANGE_LOOP_ANALYSIS = YES;
				CLANG_WARN_STRICT_PROTOTYPES = YES;
				CLANG_WARN_SUSPICIOUS_MOVE = YES;
				CLANG_WARN_UNGUARDED_AVAILABILITY = YES_AGGRESSIVE;
				CLANG_WARN_UNREACHABLE_CODE = YES;
				CLANG_WARN__DUPLICATE_METHOD_MATCH = YES;
				CODE_SIGN_IDENTITY = "iPhone Developer";
				COPY_PHASE_STRIP = NO;
				DEBUG_INFORMATION_FORMAT = dwarf;
				ENABLE_STRICT_OBJC_MSGSEND = YES;
				ENABLE_TESTABILITY = YES;
				GCC_C_LANGUAGE_STANDARD = gnu11;
				GCC_DYNAMIC_NO_PIC = NO;
				GCC_NO_COMMON_BLOCKS = YES;
				GCC_OPTIMIZATION_LEVEL = 0;
				GCC_PREPROCESSOR_DEFINITIONS = (
					"DEBUG=1",
					"$(inherited)",
				);
				GCC_WARN_64_TO_32_BIT_CONVERSION = YES;
				GCC_WARN_ABOUT_RETURN_TYPE = YES_ERROR;
				GCC_WARN_UNDECLARED_SELECTOR = YES;
				GCC_WARN_UNINITIALIZED_AUTOS = YES_AGGRESSIVE;
				GCC_WARN_UNUSED_FUNCTION = YES;
				GCC_WARN_UNUSED_VARIABLE = YES;
				IPHONEOS_DEPLOYMENT_TARGET = 12.0;
				MTL_ENABLE_DEBUG_INFO = INCLUDE_SOURCE;
				MTL_FAST_MATH = YES;
				ONLY_ACTIVE_ARCH = YES;
				SDKROOT = iphoneos;
				SWIFT_ACTIVE_COMPILATION_CONDITIONS = DEBUG;
				SWIFT_OPTIMIZATION_LEVEL = "-Onone";
			};
			name = Debug;
		};
		26F51F6621554ECC002D5EB4 /* Release */ = {
			isa = XCBuildConfiguration;
			buildSettings = {
				ALWAYS_SEARCH_USER_PATHS = NO;
				CLANG_ANALYZER_NONNULL = YES;
				CLANG_ANALYZER_NUMBER_OBJECT_CONVERSION = YES_AGGRESSIVE;
				CLANG_CXX_LANGUAGE_STANDARD = "gnu++14";
				CLANG_CXX_LIBRARY = "libc++";
				CLANG_ENABLE_MODULES = YES;
				CLANG_ENABLE_OBJC_ARC = NO;
				CLANG_ENABLE_OBJC_WEAK = YES;
				CLANG_WARN_BLOCK_CAPTURE_AUTORELEASING = YES;
				CLANG_WARN_BOOL_CONVERSION = YES;
				CLANG_WARN_COMMA = YES;
				CLANG_WARN_CONSTANT_CONVERSION = YES;
				CLANG_WARN_DEPRECATED_OBJC_IMPLEMENTATIONS = YES;
				CLANG_WARN_DIRECT_OBJC_ISA_USAGE = YES_ERROR;
				CLANG_WARN_DOCUMENTATION_COMMENTS = YES;
				CLANG_WARN_EMPTY_BODY = YES;
				CLANG_WARN_ENUM_CONVERSION = YES;
				CLANG_WARN_INFINITE_RECURSION = YES;
				CLANG_WARN_INT_CONVERSION = YES;
				CLANG_WARN_NON_LITERAL_NULL_CONVERSION = YES;
				CLANG_WARN_OBJC_IMPLICIT_RETAIN_SELF = YES;
				CLANG_WARN_OBJC_LITERAL_CONVERSION = YES;
				CLANG_WARN_OBJC_ROOT_CLASS = YES_ERROR;
				CLANG_WARN_RANGE_LOOP_ANALYSIS = YES;
				CLANG_WARN_STRICT_PROTOTYPES = YES;
				CLANG_WARN_SUSPICIOUS_MOVE = YES;
				CLANG_WARN_UNGUARDED_AVAILABILITY = YES_AGGRESSIVE;
				CLANG_WARN_UNREACHABLE_CODE = YES;
				CLANG_WARN__DUPLICATE_METHOD_MATCH = YES;
				CODE_SIGN_IDENTITY = "iPhone Developer";
				COPY_PHASE_STRIP = NO;
				DEBUG_INFORMATION_FORMAT = "dwarf-with-dsym";
				ENABLE_NS_ASSERTIONS = NO;
				ENABLE_STRICT_OBJC_MSGSEND = YES;
				GCC_C_LANGUAGE_STANDARD = gnu11;
				GCC_NO_COMMON_BLOCKS = YES;
				GCC_WARN_64_TO_32_BIT_CONVERSION = YES;
				GCC_WARN_ABOUT_RETURN_TYPE = YES_ERROR;
				GCC_WARN_UNDECLARED_SELECTOR = YES;
				GCC_WARN_UNINITIALIZED_AUTOS = YES_AGGRESSIVE;
				GCC_WARN_UNUSED_FUNCTION = YES;
				GCC_WARN_UNUSED_VARIABLE = YES;
				IPHONEOS_DEPLOYMENT_TARGET = 12.0;
				MTL_ENABLE_DEBUG_INFO = NO;
				MTL_FAST_MATH = YES;
				SDKROOT = iphoneos;
				SWIFT_COMPILATION_MODE = wholemodule;
				SWIFT_OPTIMIZATION_LEVEL = "-O";
				VALIDATE_PRODUCT = YES;
			};
			name = Release;
		};
		26F51F6821554ECC002D5EB4 /* Debug */ = {
			isa = XCBuildConfiguration;
			baseConfigurationReference = EE8E66B6F036E804B719B2A5 /* Pods-Higher Chat of Fintech.debug.xcconfig */;
			buildSettings = {
				ASSETCATALOG_COMPILER_APPICON_NAME = AppIcon;
				CLANG_ENABLE_MODULES = YES;
				CODE_SIGN_STYLE = Automatic;
				DEVELOPMENT_TEAM = 52Q39KPRSY;
				INFOPLIST_FILE = "Higher Chat of Fintech/Info.plist";
				LD_RUNPATH_SEARCH_PATHS = (
					"$(inherited)",
					"@executable_path/Frameworks",
				);
				OTHER_SWIFT_FLAGS = "-DDEBUG";
				PRODUCT_BUNDLE_IDENTIFIER = "com.nemexur.Higher-Chat-of-Fintech";
				PRODUCT_NAME = "$(TARGET_NAME)";
				SWIFT_OBJC_BRIDGING_HEADER = "Higher Chat of Fintech/SOA/View Layer/Theme Picker/Bridging Header/Higher Chat of Fintech-Bridging-Header.h";
				SWIFT_OPTIMIZATION_LEVEL = "-Onone";
				SWIFT_VERSION = 4.2;
				TARGETED_DEVICE_FAMILY = "1,2";
			};
			name = Debug;
		};
		26F51F6921554ECC002D5EB4 /* Release */ = {
			isa = XCBuildConfiguration;
			baseConfigurationReference = 94F7FC16A644C737791076AF /* Pods-Higher Chat of Fintech.release.xcconfig */;
			buildSettings = {
				ASSETCATALOG_COMPILER_APPICON_NAME = AppIcon;
				CLANG_ENABLE_MODULES = YES;
				CODE_SIGN_STYLE = Automatic;
				DEVELOPMENT_TEAM = 52Q39KPRSY;
				INFOPLIST_FILE = "Higher Chat of Fintech/Info.plist";
				LD_RUNPATH_SEARCH_PATHS = (
					"$(inherited)",
					"@executable_path/Frameworks",
				);
				OTHER_SWIFT_FLAGS = "-DRELEASE";
				PRODUCT_BUNDLE_IDENTIFIER = "com.nemexur.Higher-Chat-of-Fintech";
				PRODUCT_NAME = "$(TARGET_NAME)";
				SWIFT_OBJC_BRIDGING_HEADER = "Higher Chat of Fintech/SOA/View Layer/Theme Picker/Bridging Header/Higher Chat of Fintech-Bridging-Header.h";
				SWIFT_VERSION = 4.2;
				TARGETED_DEVICE_FAMILY = "1,2";
			};
			name = Release;
		};
/* End XCBuildConfiguration section */

/* Begin XCConfigurationList section */
		26F51F5021554ECA002D5EB4 /* Build configuration list for PBXProject "Higher Chat of Fintech" */ = {
			isa = XCConfigurationList;
			buildConfigurations = (
				26F51F6521554ECC002D5EB4 /* Debug */,
				26F51F6621554ECC002D5EB4 /* Release */,
			);
			defaultConfigurationIsVisible = 0;
			defaultConfigurationName = Release;
		};
		26F51F6721554ECC002D5EB4 /* Build configuration list for PBXNativeTarget "Higher Chat of Fintech" */ = {
			isa = XCConfigurationList;
			buildConfigurations = (
				26F51F6821554ECC002D5EB4 /* Debug */,
				26F51F6921554ECC002D5EB4 /* Release */,
			);
			defaultConfigurationIsVisible = 0;
			defaultConfigurationName = Release;
		};
/* End XCConfigurationList section */

/* Begin XCVersionGroup section */
		2604D924218AFFDC00787678 /* ModelForCoreData.xcdatamodeld */ = {
			isa = XCVersionGroup;
			children = (
				26BFBC022194675000DBB738 /* ModelForCoreData v2.xcdatamodel */,
				2604D925218AFFDC00787678 /* ModelForCoreData.xcdatamodel */,
			);
			currentVersion = 26BFBC022194675000DBB738 /* ModelForCoreData v2.xcdatamodel */;
			path = ModelForCoreData.xcdatamodeld;
			sourceTree = "<group>";
			versionGroupType = wrapper.xcdatamodel;
		};
/* End XCVersionGroup section */
	};
	rootObject = 26F51F4D21554ECA002D5EB4 /* Project object */;
}
